// !$*UTF8*$!
{
	archiveVersion = 1;
	classes = {
	};
	objectVersion = 55;
	objects = {

/* Begin PBXBuildFile section */
		371B3FEE288A2763008F39ED /* AppDelegate.swift in Sources */ = {isa = PBXBuildFile; fileRef = 371B3FED288A2763008F39ED /* AppDelegate.swift */; };
		371B3FF0288A2763008F39ED /* SceneDelegate.swift in Sources */ = {isa = PBXBuildFile; fileRef = 371B3FEF288A2763008F39ED /* SceneDelegate.swift */; };
		371B3FF2288A2763008F39ED /* MainVC.swift in Sources */ = {isa = PBXBuildFile; fileRef = 371B3FF1288A2763008F39ED /* MainVC.swift */; };
		371B3FF7288A2765008F39ED /* Assets.xcassets in Resources */ = {isa = PBXBuildFile; fileRef = 371B3FF6288A2765008F39ED /* Assets.xcassets */; };
		371B3FFA288A2765008F39ED /* LaunchScreen.storyboard in Resources */ = {isa = PBXBuildFile; fileRef = 371B3FF8288A2765008F39ED /* LaunchScreen.storyboard */; };
		371B4005288A2766008F39ED /* pupsroadTests.swift in Sources */ = {isa = PBXBuildFile; fileRef = 371B4004288A2766008F39ED /* pupsroadTests.swift */; };
		371B400F288A2766008F39ED /* pupsroadUITests.swift in Sources */ = {isa = PBXBuildFile; fileRef = 371B400E288A2766008F39ED /* pupsroadUITests.swift */; };
		371B4011288A2766008F39ED /* pupsroadUITestsLaunchTests.swift in Sources */ = {isa = PBXBuildFile; fileRef = 371B4010288A2766008F39ED /* pupsroadUITestsLaunchTests.swift */; };
		371B4030288A30F1008F39ED /* Dev.xcconfig in Resources */ = {isa = PBXBuildFile; fileRef = 371B402F288A30F1008F39ED /* Dev.xcconfig */; };
		371B4033288A310F008F39ED /* Stage.xcconfig in Resources */ = {isa = PBXBuildFile; fileRef = 371B4032288A310F008F39ED /* Stage.xcconfig */; };
		371B4034288A3114008F39ED /* Prod.xcconfig in Resources */ = {isa = PBXBuildFile; fileRef = 371B4031288A30FF008F39ED /* Prod.xcconfig */; };
		371B4036288A38EE008F39ED /* GoogleService-Info.plist in Resources */ = {isa = PBXBuildFile; fileRef = 371B4035288A38EE008F39ED /* GoogleService-Info.plist */; };
		37AA42DE288A6C8D00E09E72 /* RxCocoa in Frameworks */ = {isa = PBXBuildFile; productRef = 37AA42DD288A6C8D00E09E72 /* RxCocoa */; };
		37AA42E0288A6C8D00E09E72 /* RxSwift in Frameworks */ = {isa = PBXBuildFile; productRef = 37AA42DF288A6C8D00E09E72 /* RxSwift */; };
		37AA42E3288A709200E09E72 /* SnapKit in Frameworks */ = {isa = PBXBuildFile; productRef = 37AA42E2288A709200E09E72 /* SnapKit */; };
		37AA42E5288A709700E09E72 /* FirebaseAuth in Frameworks */ = {isa = PBXBuildFile; productRef = 37AA42E4288A709700E09E72 /* FirebaseAuth */; };
		37AA42E7288A709B00E09E72 /* FirebaseAnalytics in Frameworks */ = {isa = PBXBuildFile; productRef = 37AA42E6288A709B00E09E72 /* FirebaseAnalytics */; };
		37AA42E9288A70A500E09E72 /* GoogleSignIn in Frameworks */ = {isa = PBXBuildFile; productRef = 37AA42E8288A70A500E09E72 /* GoogleSignIn */; };
		37AA42EC288A75FE00E09E72 /* Metal.framework in Frameworks */ = {isa = PBXBuildFile; fileRef = 37AA42EB288A75FE00E09E72 /* Metal.framework */; };
		37AA42EE288A760800E09E72 /* SystemConfiguration.framework in Frameworks */ = {isa = PBXBuildFile; fileRef = 37AA42ED288A760800E09E72 /* SystemConfiguration.framework */; };
		37AA42F0288A760F00E09E72 /* CoreLocation.framework in Frameworks */ = {isa = PBXBuildFile; fileRef = 37AA42EF288A760F00E09E72 /* CoreLocation.framework */; };
		37AA42F2288A761800E09E72 /* QuartzCore.framework in Frameworks */ = {isa = PBXBuildFile; fileRef = 37AA42F1288A761800E09E72 /* QuartzCore.framework */; };
		37AA42F6288A764200E09E72 /* libsqlite3.tbd in Frameworks */ = {isa = PBXBuildFile; fileRef = 37AA42F5288A763300E09E72 /* libsqlite3.tbd */; };
		37AA42F7288A765000E09E72 /* libxml2.tbd in Frameworks */ = {isa = PBXBuildFile; fileRef = 37AA42F4288A762B00E09E72 /* libxml2.tbd */; };
		37AA42F8288A765700E09E72 /* libc++.tbd in Frameworks */ = {isa = PBXBuildFile; fileRef = 37AA42F3288A762300E09E72 /* libc++.tbd */; };
		37AA4320288A771400E09E72 /* map_pinup_custom@3x.png in Resources */ = {isa = PBXBuildFile; fileRef = 37AA42FB288A771400E09E72 /* map_pinup_custom@3x.png */; };
		37AA4321288A771400E09E72 /* map_pin_custom.png in Resources */ = {isa = PBXBuildFile; fileRef = 37AA42FC288A771400E09E72 /* map_pin_custom.png */; };
		37AA4322288A771400E09E72 /* shadow_balloon.png in Resources */ = {isa = PBXBuildFile; fileRef = 37AA42FD288A771400E09E72 /* shadow_balloon.png */; };
		37AA4323288A771400E09E72 /* map_pinup.png in Resources */ = {isa = PBXBuildFile; fileRef = 37AA42FE288A771400E09E72 /* map_pinup.png */; };
		37AA4324288A771400E09E72 /* detail_button.png in Resources */ = {isa = PBXBuildFile; fileRef = 37AA42FF288A771400E09E72 /* detail_button.png */; };
		37AA4325288A771400E09E72 /* map_pin_custom@3x.png in Resources */ = {isa = PBXBuildFile; fileRef = 37AA4300288A771400E09E72 /* map_pin_custom@3x.png */; };
		37AA4326288A771400E09E72 /* map_pinup@3x.png in Resources */ = {isa = PBXBuildFile; fileRef = 37AA4301288A771400E09E72 /* map_pinup@3x.png */; };
		37AA4327288A771400E09E72 /* map_pin_shadow@3x.png in Resources */ = {isa = PBXBuildFile; fileRef = 37AA4302288A771400E09E72 /* map_pin_shadow@3x.png */; };
		37AA4328288A771400E09E72 /* copyright.png in Resources */ = {isa = PBXBuildFile; fileRef = 37AA4303288A771400E09E72 /* copyright.png */; };
		37AA4329288A771400E09E72 /* th_line.png in Resources */ = {isa = PBXBuildFile; fileRef = 37AA4304288A771400E09E72 /* th_line.png */; };
		37AA432A288A771400E09E72 /* map_pin_red@3x.png in Resources */ = {isa = PBXBuildFile; fileRef = 37AA4305288A771400E09E72 /* map_pin_red@3x.png */; };
		37AA432B288A771400E09E72 /* daum_copyright.png in Resources */ = {isa = PBXBuildFile; fileRef = 37AA4306288A771400E09E72 /* daum_copyright.png */; };
		37AA432C288A771400E09E72 /* map_pin@3x.png in Resources */ = {isa = PBXBuildFile; fileRef = 37AA4307288A771400E09E72 /* map_pin@3x.png */; };
		37AA432D288A771400E09E72 /* map_present_tracking.png in Resources */ = {isa = PBXBuildFile; fileRef = 37AA4308288A771400E09E72 /* map_present_tracking.png */; };
		37AA432E288A771400E09E72 /* map_pin_red.png in Resources */ = {isa = PBXBuildFile; fileRef = 37AA4309288A771400E09E72 /* map_pin_red.png */; };
		37AA432F288A771400E09E72 /* info_box.png in Resources */ = {isa = PBXBuildFile; fileRef = 37AA4313288A771400E09E72 /* info_box.png */; };
		37AA4330288A771400E09E72 /* point_sprite.png in Resources */ = {isa = PBXBuildFile; fileRef = 37AA4314288A771400E09E72 /* point_sprite.png */; };
		37AA4331288A771400E09E72 /* map_pinup_custom.png in Resources */ = {isa = PBXBuildFile; fileRef = 37AA4315288A771400E09E72 /* map_pinup_custom.png */; };
		37AA4332288A771400E09E72 /* info_box_tail.png in Resources */ = {isa = PBXBuildFile; fileRef = 37AA4316288A771400E09E72 /* info_box_tail.png */; };
		37AA4333288A771400E09E72 /* noimage256.png in Resources */ = {isa = PBXBuildFile; fileRef = 37AA4317288A771400E09E72 /* noimage256.png */; };
		37AA4334288A771400E09E72 /* map_present_direction.png in Resources */ = {isa = PBXBuildFile; fileRef = 37AA4318288A771400E09E72 /* map_present_direction.png */; };
		37AA4335288A771400E09E72 /* map_pin.png in Resources */ = {isa = PBXBuildFile; fileRef = 37AA4319288A771400E09E72 /* map_pin.png */; };
		37AA4336288A771400E09E72 /* map_present.png in Resources */ = {isa = PBXBuildFile; fileRef = 37AA431A288A771400E09E72 /* map_present.png */; };
		37AA4337288A771400E09E72 /* noimage.png in Resources */ = {isa = PBXBuildFile; fileRef = 37AA431B288A771400E09E72 /* noimage.png */; };
		37AA4338288A771400E09E72 /* map_present_background_update.png in Resources */ = {isa = PBXBuildFile; fileRef = 37AA431C288A771400E09E72 /* map_present_background_update.png */; };
		37AA4339288A771400E09E72 /* daum_th_line.png in Resources */ = {isa = PBXBuildFile; fileRef = 37AA431D288A771400E09E72 /* daum_th_line.png */; };
		37AA433A288A771400E09E72 /* map_pin_shadow.png in Resources */ = {isa = PBXBuildFile; fileRef = 37AA431E288A771400E09E72 /* map_pin_shadow.png */; };
		37AA433B288A771400E09E72 /* DaumMap.framework in Frameworks */ = {isa = PBXBuildFile; fileRef = 37AA431F288A771400E09E72 /* DaumMap.framework */; };
		37AA433D288A777900E09E72 /* KakaoMapVC.swift in Sources */ = {isa = PBXBuildFile; fileRef = 37AA433C288A777900E09E72 /* KakaoMapVC.swift */; };
		37AA433F288A821200E09E72 /* SignInVC.swift in Sources */ = {isa = PBXBuildFile; fileRef = 37AA433E288A821200E09E72 /* SignInVC.swift */; };
		37D27BAC288E1900009F4AD7 /* Environment.swift in Sources */ = {isa = PBXBuildFile; fileRef = 37D27BAB288E1900009F4AD7 /* Environment.swift */; };
		37D27BB0288E1E2B009F4AD7 /* KakaoSDK in Frameworks */ = {isa = PBXBuildFile; productRef = 37D27BAF288E1E2B009F4AD7 /* KakaoSDK */; };
		37D27BB2288E1E2B009F4AD7 /* KakaoSDKAuth in Frameworks */ = {isa = PBXBuildFile; productRef = 37D27BB1288E1E2B009F4AD7 /* KakaoSDKAuth */; };
		37D27BB4288E1E2B009F4AD7 /* KakaoSDKCommon in Frameworks */ = {isa = PBXBuildFile; productRef = 37D27BB3288E1E2B009F4AD7 /* KakaoSDKCommon */; };
		37D27BB6288E1E2B009F4AD7 /* RxKakaoSDK in Frameworks */ = {isa = PBXBuildFile; productRef = 37D27BB5288E1E2B009F4AD7 /* RxKakaoSDK */; };
		37D27BB8288E1E2B009F4AD7 /* RxKakaoSDKAuth in Frameworks */ = {isa = PBXBuildFile; productRef = 37D27BB7288E1E2B009F4AD7 /* RxKakaoSDKAuth */; };
		37D27BBA288E1E2B009F4AD7 /* RxKakaoSDKCommon in Frameworks */ = {isa = PBXBuildFile; productRef = 37D27BB9288E1E2B009F4AD7 /* RxKakaoSDKCommon */; };
/* End PBXBuildFile section */

/* Begin PBXContainerItemProxy section */
		371B4001288A2766008F39ED /* PBXContainerItemProxy */ = {
			isa = PBXContainerItemProxy;
			containerPortal = 371B3FE2288A2763008F39ED /* Project object */;
			proxyType = 1;
			remoteGlobalIDString = 371B3FE9288A2763008F39ED;
			remoteInfo = pupsroad;
		};
		371B400B288A2766008F39ED /* PBXContainerItemProxy */ = {
			isa = PBXContainerItemProxy;
			containerPortal = 371B3FE2288A2763008F39ED /* Project object */;
			proxyType = 1;
			remoteGlobalIDString = 371B3FE9288A2763008F39ED;
			remoteInfo = pupsroad;
		};
/* End PBXContainerItemProxy section */

/* Begin PBXFileReference section */
		371B3FEA288A2763008F39ED /* 댕스로드-DEV.app */ = {isa = PBXFileReference; explicitFileType = wrapper.application; includeInIndex = 0; path = "댕스로드-DEV.app"; sourceTree = BUILT_PRODUCTS_DIR; };
		371B3FED288A2763008F39ED /* AppDelegate.swift */ = {isa = PBXFileReference; lastKnownFileType = sourcecode.swift; path = AppDelegate.swift; sourceTree = "<group>"; };
		371B3FEF288A2763008F39ED /* SceneDelegate.swift */ = {isa = PBXFileReference; lastKnownFileType = sourcecode.swift; path = SceneDelegate.swift; sourceTree = "<group>"; };
		371B3FF1288A2763008F39ED /* MainVC.swift */ = {isa = PBXFileReference; lastKnownFileType = sourcecode.swift; path = MainVC.swift; sourceTree = "<group>"; };
		371B3FF6288A2765008F39ED /* Assets.xcassets */ = {isa = PBXFileReference; lastKnownFileType = folder.assetcatalog; path = Assets.xcassets; sourceTree = "<group>"; };
		371B3FF9288A2765008F39ED /* Base */ = {isa = PBXFileReference; lastKnownFileType = file.storyboard; name = Base; path = Base.lproj/LaunchScreen.storyboard; sourceTree = "<group>"; };
		371B3FFB288A2765008F39ED /* Info.plist */ = {isa = PBXFileReference; lastKnownFileType = text.plist.xml; path = Info.plist; sourceTree = "<group>"; };
		371B4000288A2766008F39ED /* pupsroadTests.xctest */ = {isa = PBXFileReference; explicitFileType = wrapper.cfbundle; includeInIndex = 0; path = pupsroadTests.xctest; sourceTree = BUILT_PRODUCTS_DIR; };
		371B4004288A2766008F39ED /* pupsroadTests.swift */ = {isa = PBXFileReference; lastKnownFileType = sourcecode.swift; path = pupsroadTests.swift; sourceTree = "<group>"; };
		371B400A288A2766008F39ED /* pupsroadUITests.xctest */ = {isa = PBXFileReference; explicitFileType = wrapper.cfbundle; includeInIndex = 0; path = pupsroadUITests.xctest; sourceTree = BUILT_PRODUCTS_DIR; };
		371B400E288A2766008F39ED /* pupsroadUITests.swift */ = {isa = PBXFileReference; lastKnownFileType = sourcecode.swift; path = pupsroadUITests.swift; sourceTree = "<group>"; };
		371B4010288A2766008F39ED /* pupsroadUITestsLaunchTests.swift */ = {isa = PBXFileReference; lastKnownFileType = sourcecode.swift; path = pupsroadUITestsLaunchTests.swift; sourceTree = "<group>"; };
		371B402F288A30F1008F39ED /* Dev.xcconfig */ = {isa = PBXFileReference; lastKnownFileType = text.xcconfig; path = Dev.xcconfig; sourceTree = "<group>"; };
		371B4031288A30FF008F39ED /* Prod.xcconfig */ = {isa = PBXFileReference; lastKnownFileType = text.xcconfig; path = Prod.xcconfig; sourceTree = "<group>"; };
		371B4032288A310F008F39ED /* Stage.xcconfig */ = {isa = PBXFileReference; lastKnownFileType = text.xcconfig; path = Stage.xcconfig; sourceTree = "<group>"; };
		371B4035288A38EE008F39ED /* GoogleService-Info.plist */ = {isa = PBXFileReference; fileEncoding = 4; lastKnownFileType = text.plist.xml; name = "GoogleService-Info.plist"; path = "Config/GoogleService-Info.plist"; sourceTree = "<group>"; };
		37AA42EA288A73FC00E09E72 /* KakaoMap-Bridge-Header.h */ = {isa = PBXFileReference; lastKnownFileType = sourcecode.c.h; path = "KakaoMap-Bridge-Header.h"; sourceTree = "<group>"; };
		37AA42EB288A75FE00E09E72 /* Metal.framework */ = {isa = PBXFileReference; lastKnownFileType = wrapper.framework; name = Metal.framework; path = System/Library/Frameworks/Metal.framework; sourceTree = SDKROOT; };
		37AA42ED288A760800E09E72 /* SystemConfiguration.framework */ = {isa = PBXFileReference; lastKnownFileType = wrapper.framework; name = SystemConfiguration.framework; path = System/Library/Frameworks/SystemConfiguration.framework; sourceTree = SDKROOT; };
		37AA42EF288A760F00E09E72 /* CoreLocation.framework */ = {isa = PBXFileReference; lastKnownFileType = wrapper.framework; name = CoreLocation.framework; path = System/Library/Frameworks/CoreLocation.framework; sourceTree = SDKROOT; };
		37AA42F1288A761800E09E72 /* QuartzCore.framework */ = {isa = PBXFileReference; lastKnownFileType = wrapper.framework; name = QuartzCore.framework; path = System/Library/Frameworks/QuartzCore.framework; sourceTree = SDKROOT; };
		37AA42F3288A762300E09E72 /* libc++.tbd */ = {isa = PBXFileReference; lastKnownFileType = "sourcecode.text-based-dylib-definition"; name = "libc++.tbd"; path = "usr/lib/libc++.tbd"; sourceTree = SDKROOT; };
		37AA42F4288A762B00E09E72 /* libxml2.tbd */ = {isa = PBXFileReference; lastKnownFileType = "sourcecode.text-based-dylib-definition"; name = libxml2.tbd; path = usr/lib/libxml2.tbd; sourceTree = SDKROOT; };
		37AA42F5288A763300E09E72 /* libsqlite3.tbd */ = {isa = PBXFileReference; lastKnownFileType = "sourcecode.text-based-dylib-definition"; name = libsqlite3.tbd; path = usr/lib/libsqlite3.tbd; sourceTree = SDKROOT; };
		37AA42FB288A771400E09E72 /* map_pinup_custom@3x.png */ = {isa = PBXFileReference; lastKnownFileType = image.png; path = "map_pinup_custom@3x.png"; sourceTree = "<group>"; };
		37AA42FC288A771400E09E72 /* map_pin_custom.png */ = {isa = PBXFileReference; lastKnownFileType = image.png; path = map_pin_custom.png; sourceTree = "<group>"; };
		37AA42FD288A771400E09E72 /* shadow_balloon.png */ = {isa = PBXFileReference; lastKnownFileType = image.png; path = shadow_balloon.png; sourceTree = "<group>"; };
		37AA42FE288A771400E09E72 /* map_pinup.png */ = {isa = PBXFileReference; lastKnownFileType = image.png; path = map_pinup.png; sourceTree = "<group>"; };
		37AA42FF288A771400E09E72 /* detail_button.png */ = {isa = PBXFileReference; lastKnownFileType = image.png; path = detail_button.png; sourceTree = "<group>"; };
		37AA4300288A771400E09E72 /* map_pin_custom@3x.png */ = {isa = PBXFileReference; lastKnownFileType = image.png; path = "map_pin_custom@3x.png"; sourceTree = "<group>"; };
		37AA4301288A771400E09E72 /* map_pinup@3x.png */ = {isa = PBXFileReference; lastKnownFileType = image.png; path = "map_pinup@3x.png"; sourceTree = "<group>"; };
		37AA4302288A771400E09E72 /* map_pin_shadow@3x.png */ = {isa = PBXFileReference; lastKnownFileType = image.png; path = "map_pin_shadow@3x.png"; sourceTree = "<group>"; };
		37AA4303288A771400E09E72 /* copyright.png */ = {isa = PBXFileReference; lastKnownFileType = image.png; path = copyright.png; sourceTree = "<group>"; };
		37AA4304288A771400E09E72 /* th_line.png */ = {isa = PBXFileReference; lastKnownFileType = image.png; path = th_line.png; sourceTree = "<group>"; };
		37AA4305288A771400E09E72 /* map_pin_red@3x.png */ = {isa = PBXFileReference; lastKnownFileType = image.png; path = "map_pin_red@3x.png"; sourceTree = "<group>"; };
		37AA4306288A771400E09E72 /* daum_copyright.png */ = {isa = PBXFileReference; lastKnownFileType = image.png; path = daum_copyright.png; sourceTree = "<group>"; };
		37AA4307288A771400E09E72 /* map_pin@3x.png */ = {isa = PBXFileReference; lastKnownFileType = image.png; path = "map_pin@3x.png"; sourceTree = "<group>"; };
		37AA4308288A771400E09E72 /* map_present_tracking.png */ = {isa = PBXFileReference; lastKnownFileType = image.png; path = map_present_tracking.png; sourceTree = "<group>"; };
		37AA4309288A771400E09E72 /* map_pin_red.png */ = {isa = PBXFileReference; lastKnownFileType = image.png; path = map_pin_red.png; sourceTree = "<group>"; };
		37AA430B288A771400E09E72 /* MTMapPOIItem.h */ = {isa = PBXFileReference; fileEncoding = 4; lastKnownFileType = sourcecode.c.h; path = MTMapPOIItem.h; sourceTree = "<group>"; };
		37AA430C288A771400E09E72 /* MTMapCameraUpdate.h */ = {isa = PBXFileReference; fileEncoding = 4; lastKnownFileType = sourcecode.c.h; path = MTMapCameraUpdate.h; sourceTree = "<group>"; };
		37AA430D288A771400E09E72 /* MTMapReverseGeoCoder.h */ = {isa = PBXFileReference; fileEncoding = 4; lastKnownFileType = sourcecode.c.h; path = MTMapReverseGeoCoder.h; sourceTree = "<group>"; };
		37AA430E288A771400E09E72 /* MTMapPolyline.h */ = {isa = PBXFileReference; fileEncoding = 4; lastKnownFileType = sourcecode.c.h; path = MTMapPolyline.h; sourceTree = "<group>"; };
		37AA430F288A771400E09E72 /* MTMapLocationMarkerItem.h */ = {isa = PBXFileReference; fileEncoding = 4; lastKnownFileType = sourcecode.c.h; path = MTMapLocationMarkerItem.h; sourceTree = "<group>"; };
		37AA4310288A771400E09E72 /* MTMapView.h */ = {isa = PBXFileReference; fileEncoding = 4; lastKnownFileType = sourcecode.c.h; path = MTMapView.h; sourceTree = "<group>"; };
		37AA4311288A771400E09E72 /* MTMapGeometry.h */ = {isa = PBXFileReference; fileEncoding = 4; lastKnownFileType = sourcecode.c.h; path = MTMapGeometry.h; sourceTree = "<group>"; };
		37AA4312288A771400E09E72 /* MTMapCircle.h */ = {isa = PBXFileReference; fileEncoding = 4; lastKnownFileType = sourcecode.c.h; path = MTMapCircle.h; sourceTree = "<group>"; };
		37AA4313288A771400E09E72 /* info_box.png */ = {isa = PBXFileReference; lastKnownFileType = image.png; path = info_box.png; sourceTree = "<group>"; };
		37AA4314288A771400E09E72 /* point_sprite.png */ = {isa = PBXFileReference; lastKnownFileType = image.png; path = point_sprite.png; sourceTree = "<group>"; };
		37AA4315288A771400E09E72 /* map_pinup_custom.png */ = {isa = PBXFileReference; lastKnownFileType = image.png; path = map_pinup_custom.png; sourceTree = "<group>"; };
		37AA4316288A771400E09E72 /* info_box_tail.png */ = {isa = PBXFileReference; lastKnownFileType = image.png; path = info_box_tail.png; sourceTree = "<group>"; };
		37AA4317288A771400E09E72 /* noimage256.png */ = {isa = PBXFileReference; lastKnownFileType = image.png; path = noimage256.png; sourceTree = "<group>"; };
		37AA4318288A771400E09E72 /* map_present_direction.png */ = {isa = PBXFileReference; lastKnownFileType = image.png; path = map_present_direction.png; sourceTree = "<group>"; };
		37AA4319288A771400E09E72 /* map_pin.png */ = {isa = PBXFileReference; lastKnownFileType = image.png; path = map_pin.png; sourceTree = "<group>"; };
		37AA431A288A771400E09E72 /* map_present.png */ = {isa = PBXFileReference; lastKnownFileType = image.png; path = map_present.png; sourceTree = "<group>"; };
		37AA431B288A771400E09E72 /* noimage.png */ = {isa = PBXFileReference; lastKnownFileType = image.png; path = noimage.png; sourceTree = "<group>"; };
		37AA431C288A771400E09E72 /* map_present_background_update.png */ = {isa = PBXFileReference; lastKnownFileType = image.png; path = map_present_background_update.png; sourceTree = "<group>"; };
		37AA431D288A771400E09E72 /* daum_th_line.png */ = {isa = PBXFileReference; lastKnownFileType = image.png; path = daum_th_line.png; sourceTree = "<group>"; };
		37AA431E288A771400E09E72 /* map_pin_shadow.png */ = {isa = PBXFileReference; lastKnownFileType = image.png; path = map_pin_shadow.png; sourceTree = "<group>"; };
		37AA431F288A771400E09E72 /* DaumMap.framework */ = {isa = PBXFileReference; lastKnownFileType = wrapper.framework; path = DaumMap.framework; sourceTree = "<group>"; };
		37AA433C288A777900E09E72 /* KakaoMapVC.swift */ = {isa = PBXFileReference; lastKnownFileType = sourcecode.swift; path = KakaoMapVC.swift; sourceTree = "<group>"; };
		37AA433E288A821200E09E72 /* SignInVC.swift */ = {isa = PBXFileReference; lastKnownFileType = sourcecode.swift; path = SignInVC.swift; sourceTree = "<group>"; };
		37D27BAB288E1900009F4AD7 /* Environment.swift */ = {isa = PBXFileReference; lastKnownFileType = sourcecode.swift; path = Environment.swift; sourceTree = "<group>"; };
/* End PBXFileReference section */

/* Begin PBXFrameworksBuildPhase section */
		371B3FE7288A2763008F39ED /* Frameworks */ = {
			isa = PBXFrameworksBuildPhase;
			buildActionMask = 2147483647;
			files = (
				37AA42F2288A761800E09E72 /* QuartzCore.framework in Frameworks */,
				37AA42E3288A709200E09E72 /* SnapKit in Frameworks */,
				37AA433B288A771400E09E72 /* DaumMap.framework in Frameworks */,
				37AA42E0288A6C8D00E09E72 /* RxSwift in Frameworks */,
				37AA42F8288A765700E09E72 /* libc++.tbd in Frameworks */,
				37AA42EC288A75FE00E09E72 /* Metal.framework in Frameworks */,
				37D27BB4288E1E2B009F4AD7 /* KakaoSDKCommon in Frameworks */,
				37AA42F0288A760F00E09E72 /* CoreLocation.framework in Frameworks */,
				37D27BB2288E1E2B009F4AD7 /* KakaoSDKAuth in Frameworks */,
				37AA42DE288A6C8D00E09E72 /* RxCocoa in Frameworks */,
				37AA42E7288A709B00E09E72 /* FirebaseAnalytics in Frameworks */,
				37AA42E5288A709700E09E72 /* FirebaseAuth in Frameworks */,
				37AA42EE288A760800E09E72 /* SystemConfiguration.framework in Frameworks */,
				37D27BB0288E1E2B009F4AD7 /* KakaoSDK in Frameworks */,
				37AA42F7288A765000E09E72 /* libxml2.tbd in Frameworks */,
				37D27BB8288E1E2B009F4AD7 /* RxKakaoSDKAuth in Frameworks */,
				37D27BBA288E1E2B009F4AD7 /* RxKakaoSDKCommon in Frameworks */,
				37AA42F6288A764200E09E72 /* libsqlite3.tbd in Frameworks */,
				37AA42E9288A70A500E09E72 /* GoogleSignIn in Frameworks */,
				37D27BB6288E1E2B009F4AD7 /* RxKakaoSDK in Frameworks */,
			);
			runOnlyForDeploymentPostprocessing = 0;
		};
		371B3FFD288A2766008F39ED /* Frameworks */ = {
			isa = PBXFrameworksBuildPhase;
			buildActionMask = 2147483647;
			files = (
			);
			runOnlyForDeploymentPostprocessing = 0;
		};
		371B4007288A2766008F39ED /* Frameworks */ = {
			isa = PBXFrameworksBuildPhase;
			buildActionMask = 2147483647;
			files = (
			);
			runOnlyForDeploymentPostprocessing = 0;
		};
/* End PBXFrameworksBuildPhase section */

/* Begin PBXGroup section */
		371B3FE1288A2763008F39ED = {
			isa = PBXGroup;
			children = (
				37AA42EA288A73FC00E09E72 /* KakaoMap-Bridge-Header.h */,
				371B3FEC288A2763008F39ED /* pupsroad */,
				371B4003288A2766008F39ED /* pupsroadTests */,
				371B400D288A2766008F39ED /* pupsroadUITests */,
				371B3FEB288A2763008F39ED /* Products */,
				37AA42E1288A709200E09E72 /* Frameworks */,
			);
			sourceTree = "<group>";
		};
		371B3FEB288A2763008F39ED /* Products */ = {
			isa = PBXGroup;
			children = (
				371B3FEA288A2763008F39ED /* 댕스로드-DEV.app */,
				371B4000288A2766008F39ED /* pupsroadTests.xctest */,
				371B400A288A2766008F39ED /* pupsroadUITests.xctest */,
			);
			name = Products;
			sourceTree = "<group>";
		};
		371B3FEC288A2763008F39ED /* pupsroad */ = {
			isa = PBXGroup;
			children = (
				37D27BAA288E18ED009F4AD7 /* Util */,
				371B4040288A41CC008F39ED /* ViewController */,
				371B403F288A41C2008F39ED /* ViewModel */,
				371B403D288A413F008F39ED /* View */,
				371B4035288A38EE008F39ED /* GoogleService-Info.plist */,
				371B402E288A30C2008F39ED /* Config */,
				371B3FED288A2763008F39ED /* AppDelegate.swift */,
				371B3FEF288A2763008F39ED /* SceneDelegate.swift */,
				371B3FF6288A2765008F39ED /* Assets.xcassets */,
				371B3FF8288A2765008F39ED /* LaunchScreen.storyboard */,
			);
			path = pupsroad;
			sourceTree = "<group>";
		};
		371B4003288A2766008F39ED /* pupsroadTests */ = {
			isa = PBXGroup;
			children = (
				371B4004288A2766008F39ED /* pupsroadTests.swift */,
			);
			path = pupsroadTests;
			sourceTree = "<group>";
		};
		371B400D288A2766008F39ED /* pupsroadUITests */ = {
			isa = PBXGroup;
			children = (
				371B400E288A2766008F39ED /* pupsroadUITests.swift */,
				371B4010288A2766008F39ED /* pupsroadUITestsLaunchTests.swift */,
			);
			path = pupsroadUITests;
			sourceTree = "<group>";
		};
		371B402E288A30C2008F39ED /* Config */ = {
			isa = PBXGroup;
			children = (
				371B3FFB288A2765008F39ED /* Info.plist */,
				371B402F288A30F1008F39ED /* Dev.xcconfig */,
				371B4031288A30FF008F39ED /* Prod.xcconfig */,
				371B4032288A310F008F39ED /* Stage.xcconfig */,
			);
			path = Config;
			sourceTree = "<group>";
		};
		371B403D288A413F008F39ED /* View */ = {
			isa = PBXGroup;
			children = (
			);
			path = View;
			sourceTree = "<group>";
		};
		371B403F288A41C2008F39ED /* ViewModel */ = {
			isa = PBXGroup;
			children = (
			);
			path = ViewModel;
			sourceTree = "<group>";
		};
		371B4040288A41CC008F39ED /* ViewController */ = {
			isa = PBXGroup;
			children = (
				37AA433C288A777900E09E72 /* KakaoMapVC.swift */,
				371B3FF1288A2763008F39ED /* MainVC.swift */,
				37AA433E288A821200E09E72 /* SignInVC.swift */,
			);
			path = ViewController;
			sourceTree = "<group>";
		};
		37AA42E1288A709200E09E72 /* Frameworks */ = {
			isa = PBXGroup;
			children = (
				37AA42F9288A771400E09E72 /* DaumMap.embeddedframework */,
				37AA42F5288A763300E09E72 /* libsqlite3.tbd */,
				37AA42F4288A762B00E09E72 /* libxml2.tbd */,
				37AA42F3288A762300E09E72 /* libc++.tbd */,
				37AA42F1288A761800E09E72 /* QuartzCore.framework */,
				37AA42EF288A760F00E09E72 /* CoreLocation.framework */,
				37AA42ED288A760800E09E72 /* SystemConfiguration.framework */,
				37AA42EB288A75FE00E09E72 /* Metal.framework */,
			);
			name = Frameworks;
			sourceTree = "<group>";
		};
		37AA42F9288A771400E09E72 /* DaumMap.embeddedframework */ = {
			isa = PBXGroup;
			children = (
				37AA42FA288A771400E09E72 /* Resources */,
				37AA431F288A771400E09E72 /* DaumMap.framework */,
			);
			path = DaumMap.embeddedframework;
			sourceTree = "<group>";
		};
		37AA42FA288A771400E09E72 /* Resources */ = {
			isa = PBXGroup;
			children = (
				37AA42FB288A771400E09E72 /* map_pinup_custom@3x.png */,
				37AA42FC288A771400E09E72 /* map_pin_custom.png */,
				37AA42FD288A771400E09E72 /* shadow_balloon.png */,
				37AA42FE288A771400E09E72 /* map_pinup.png */,
				37AA42FF288A771400E09E72 /* detail_button.png */,
				37AA4300288A771400E09E72 /* map_pin_custom@3x.png */,
				37AA4301288A771400E09E72 /* map_pinup@3x.png */,
				37AA4302288A771400E09E72 /* map_pin_shadow@3x.png */,
				37AA4303288A771400E09E72 /* copyright.png */,
				37AA4304288A771400E09E72 /* th_line.png */,
				37AA4305288A771400E09E72 /* map_pin_red@3x.png */,
				37AA4306288A771400E09E72 /* daum_copyright.png */,
				37AA4307288A771400E09E72 /* map_pin@3x.png */,
				37AA4308288A771400E09E72 /* map_present_tracking.png */,
				37AA4309288A771400E09E72 /* map_pin_red.png */,
				37AA430A288A771400E09E72 /* Headers */,
				37AA4313288A771400E09E72 /* info_box.png */,
				37AA4314288A771400E09E72 /* point_sprite.png */,
				37AA4315288A771400E09E72 /* map_pinup_custom.png */,
				37AA4316288A771400E09E72 /* info_box_tail.png */,
				37AA4317288A771400E09E72 /* noimage256.png */,
				37AA4318288A771400E09E72 /* map_present_direction.png */,
				37AA4319288A771400E09E72 /* map_pin.png */,
				37AA431A288A771400E09E72 /* map_present.png */,
				37AA431B288A771400E09E72 /* noimage.png */,
				37AA431C288A771400E09E72 /* map_present_background_update.png */,
				37AA431D288A771400E09E72 /* daum_th_line.png */,
				37AA431E288A771400E09E72 /* map_pin_shadow.png */,
			);
			path = Resources;
			sourceTree = "<group>";
		};
		37AA430A288A771400E09E72 /* Headers */ = {
			isa = PBXGroup;
			children = (
				37AA430B288A771400E09E72 /* MTMapPOIItem.h */,
				37AA430C288A771400E09E72 /* MTMapCameraUpdate.h */,
				37AA430D288A771400E09E72 /* MTMapReverseGeoCoder.h */,
				37AA430E288A771400E09E72 /* MTMapPolyline.h */,
				37AA430F288A771400E09E72 /* MTMapLocationMarkerItem.h */,
				37AA4310288A771400E09E72 /* MTMapView.h */,
				37AA4311288A771400E09E72 /* MTMapGeometry.h */,
				37AA4312288A771400E09E72 /* MTMapCircle.h */,
			);
			path = Headers;
			sourceTree = "<group>";
		};
		37D27BAA288E18ED009F4AD7 /* Util */ = {
			isa = PBXGroup;
			children = (
				37D27BAB288E1900009F4AD7 /* Environment.swift */,
			);
			path = Util;
			sourceTree = "<group>";
		};
/* End PBXGroup section */

/* Begin PBXNativeTarget section */
		371B3FE9288A2763008F39ED /* pupsroad */ = {
			isa = PBXNativeTarget;
			buildConfigurationList = 371B4014288A2766008F39ED /* Build configuration list for PBXNativeTarget "pupsroad" */;
			buildPhases = (
				371B3FE6288A2763008F39ED /* Sources */,
				371B3FE7288A2763008F39ED /* Frameworks */,
				371B3FE8288A2763008F39ED /* Resources */,
			);
			buildRules = (
			);
			dependencies = (
			);
			name = pupsroad;
			packageProductDependencies = (
				37AA42DD288A6C8D00E09E72 /* RxCocoa */,
				37AA42DF288A6C8D00E09E72 /* RxSwift */,
				37AA42E2288A709200E09E72 /* SnapKit */,
				37AA42E4288A709700E09E72 /* FirebaseAuth */,
				37AA42E6288A709B00E09E72 /* FirebaseAnalytics */,
				37AA42E8288A70A500E09E72 /* GoogleSignIn */,
				37D27BAF288E1E2B009F4AD7 /* KakaoSDK */,
				37D27BB1288E1E2B009F4AD7 /* KakaoSDKAuth */,
				37D27BB3288E1E2B009F4AD7 /* KakaoSDKCommon */,
				37D27BB5288E1E2B009F4AD7 /* RxKakaoSDK */,
				37D27BB7288E1E2B009F4AD7 /* RxKakaoSDKAuth */,
				37D27BB9288E1E2B009F4AD7 /* RxKakaoSDKCommon */,
			);
			productName = pupsroad;
			productReference = 371B3FEA288A2763008F39ED /* 댕스로드-DEV.app */;
			productType = "com.apple.product-type.application";
		};
		371B3FFF288A2766008F39ED /* pupsroadTests */ = {
			isa = PBXNativeTarget;
			buildConfigurationList = 371B4017288A2766008F39ED /* Build configuration list for PBXNativeTarget "pupsroadTests" */;
			buildPhases = (
				371B3FFC288A2766008F39ED /* Sources */,
				371B3FFD288A2766008F39ED /* Frameworks */,
				371B3FFE288A2766008F39ED /* Resources */,
			);
			buildRules = (
			);
			dependencies = (
				371B4002288A2766008F39ED /* PBXTargetDependency */,
			);
			name = pupsroadTests;
			productName = pupsroadTests;
			productReference = 371B4000288A2766008F39ED /* pupsroadTests.xctest */;
			productType = "com.apple.product-type.bundle.unit-test";
		};
		371B4009288A2766008F39ED /* pupsroadUITests */ = {
			isa = PBXNativeTarget;
			buildConfigurationList = 371B401A288A2766008F39ED /* Build configuration list for PBXNativeTarget "pupsroadUITests" */;
			buildPhases = (
				371B4006288A2766008F39ED /* Sources */,
				371B4007288A2766008F39ED /* Frameworks */,
				371B4008288A2766008F39ED /* Resources */,
			);
			buildRules = (
			);
			dependencies = (
				371B400C288A2766008F39ED /* PBXTargetDependency */,
			);
			name = pupsroadUITests;
			productName = pupsroadUITests;
			productReference = 371B400A288A2766008F39ED /* pupsroadUITests.xctest */;
			productType = "com.apple.product-type.bundle.ui-testing";
		};
/* End PBXNativeTarget section */

/* Begin PBXProject section */
		371B3FE2288A2763008F39ED /* Project object */ = {
			isa = PBXProject;
			attributes = {
				BuildIndependentTargetsInParallel = 1;
				LastSwiftUpdateCheck = 1340;
				LastUpgradeCheck = 1340;
				TargetAttributes = {
					371B3FE9288A2763008F39ED = {
						CreatedOnToolsVersion = 13.4.1;
					};
					371B3FFF288A2766008F39ED = {
						CreatedOnToolsVersion = 13.4.1;
						TestTargetID = 371B3FE9288A2763008F39ED;
					};
					371B4009288A2766008F39ED = {
						CreatedOnToolsVersion = 13.4.1;
						TestTargetID = 371B3FE9288A2763008F39ED;
					};
				};
			};
			buildConfigurationList = 371B3FE5288A2763008F39ED /* Build configuration list for PBXProject "pupsroad" */;
			compatibilityVersion = "Xcode 13.0";
			developmentRegion = en;
			hasScannedForEncodings = 0;
			knownRegions = (
				en,
				Base,
			);
			mainGroup = 371B3FE1288A2763008F39ED;
			packageReferences = (
				37AA42CF288A69DB00E09E72 /* XCRemoteSwiftPackageReference "SnapKit" */,
				37AA42D6288A6B9700E09E72 /* XCRemoteSwiftPackageReference "firebase-ios-sdk" */,
				37AA42DB288A6BEE00E09E72 /* XCRemoteSwiftPackageReference "GoogleSignIn-iOS" */,
				37AA42DC288A6C8D00E09E72 /* XCRemoteSwiftPackageReference "RxSwift" */,
				37D27BAD288E1CE1009F4AD7 /* XCRemoteSwiftPackageReference "kakao-ios-sdk" */,
				37D27BAE288E1D1F009F4AD7 /* XCRemoteSwiftPackageReference "kakao-ios-sdk-rx" */,
			);
			productRefGroup = 371B3FEB288A2763008F39ED /* Products */;
			projectDirPath = "";
			projectRoot = "";
			targets = (
				371B3FE9288A2763008F39ED /* pupsroad */,
				371B3FFF288A2766008F39ED /* pupsroadTests */,
				371B4009288A2766008F39ED /* pupsroadUITests */,
			);
		};
/* End PBXProject section */

/* Begin PBXResourcesBuildPhase section */
		371B3FE8288A2763008F39ED /* Resources */ = {
			isa = PBXResourcesBuildPhase;
			buildActionMask = 2147483647;
			files = (
				37AA4334288A771400E09E72 /* map_present_direction.png in Resources */,
				37AA4320288A771400E09E72 /* map_pinup_custom@3x.png in Resources */,
				37AA432F288A771400E09E72 /* info_box.png in Resources */,
				37AA433A288A771400E09E72 /* map_pin_shadow.png in Resources */,
				37AA4331288A771400E09E72 /* map_pinup_custom.png in Resources */,
				37AA4329288A771400E09E72 /* th_line.png in Resources */,
				37AA432B288A771400E09E72 /* daum_copyright.png in Resources */,
				371B3FFA288A2765008F39ED /* LaunchScreen.storyboard in Resources */,
				37AA4330288A771400E09E72 /* point_sprite.png in Resources */,
				371B4033288A310F008F39ED /* Stage.xcconfig in Resources */,
				37AA4322288A771400E09E72 /* shadow_balloon.png in Resources */,
				37AA4327288A771400E09E72 /* map_pin_shadow@3x.png in Resources */,
				37AA432A288A771400E09E72 /* map_pin_red@3x.png in Resources */,
				37AA4339288A771400E09E72 /* daum_th_line.png in Resources */,
				37AA4321288A771400E09E72 /* map_pin_custom.png in Resources */,
				37AA4325288A771400E09E72 /* map_pin_custom@3x.png in Resources */,
				37AA4326288A771400E09E72 /* map_pinup@3x.png in Resources */,
				37AA432D288A771400E09E72 /* map_present_tracking.png in Resources */,
				371B4034288A3114008F39ED /* Prod.xcconfig in Resources */,
				371B3FF7288A2765008F39ED /* Assets.xcassets in Resources */,
				37AA4323288A771400E09E72 /* map_pinup.png in Resources */,
				37AA4324288A771400E09E72 /* detail_button.png in Resources */,
				37AA4337288A771400E09E72 /* noimage.png in Resources */,
				371B4030288A30F1008F39ED /* Dev.xcconfig in Resources */,
				37AA4332288A771400E09E72 /* info_box_tail.png in Resources */,
				37AA4335288A771400E09E72 /* map_pin.png in Resources */,
				37AA4328288A771400E09E72 /* copyright.png in Resources */,
				37AA4333288A771400E09E72 /* noimage256.png in Resources */,
				37AA432C288A771400E09E72 /* map_pin@3x.png in Resources */,
				37AA4338288A771400E09E72 /* map_present_background_update.png in Resources */,
				371B4036288A38EE008F39ED /* GoogleService-Info.plist in Resources */,
				37AA4336288A771400E09E72 /* map_present.png in Resources */,
				37AA432E288A771400E09E72 /* map_pin_red.png in Resources */,
			);
			runOnlyForDeploymentPostprocessing = 0;
		};
		371B3FFE288A2766008F39ED /* Resources */ = {
			isa = PBXResourcesBuildPhase;
			buildActionMask = 2147483647;
			files = (
			);
			runOnlyForDeploymentPostprocessing = 0;
		};
		371B4008288A2766008F39ED /* Resources */ = {
			isa = PBXResourcesBuildPhase;
			buildActionMask = 2147483647;
			files = (
			);
			runOnlyForDeploymentPostprocessing = 0;
		};
/* End PBXResourcesBuildPhase section */

/* Begin PBXSourcesBuildPhase section */
		371B3FE6288A2763008F39ED /* Sources */ = {
			isa = PBXSourcesBuildPhase;
			buildActionMask = 2147483647;
			files = (
				371B3FF2288A2763008F39ED /* MainVC.swift in Sources */,
				37D27BAC288E1900009F4AD7 /* Environment.swift in Sources */,
				371B3FEE288A2763008F39ED /* AppDelegate.swift in Sources */,
				371B3FF0288A2763008F39ED /* SceneDelegate.swift in Sources */,
				37AA433F288A821200E09E72 /* SignInVC.swift in Sources */,
				37AA433D288A777900E09E72 /* KakaoMapVC.swift in Sources */,
			);
			runOnlyForDeploymentPostprocessing = 0;
		};
		371B3FFC288A2766008F39ED /* Sources */ = {
			isa = PBXSourcesBuildPhase;
			buildActionMask = 2147483647;
			files = (
				371B4005288A2766008F39ED /* pupsroadTests.swift in Sources */,
			);
			runOnlyForDeploymentPostprocessing = 0;
		};
		371B4006288A2766008F39ED /* Sources */ = {
			isa = PBXSourcesBuildPhase;
			buildActionMask = 2147483647;
			files = (
				371B4011288A2766008F39ED /* pupsroadUITestsLaunchTests.swift in Sources */,
				371B400F288A2766008F39ED /* pupsroadUITests.swift in Sources */,
			);
			runOnlyForDeploymentPostprocessing = 0;
		};
/* End PBXSourcesBuildPhase section */

/* Begin PBXTargetDependency section */
		371B4002288A2766008F39ED /* PBXTargetDependency */ = {
			isa = PBXTargetDependency;
			target = 371B3FE9288A2763008F39ED /* pupsroad */;
			targetProxy = 371B4001288A2766008F39ED /* PBXContainerItemProxy */;
		};
		371B400C288A2766008F39ED /* PBXTargetDependency */ = {
			isa = PBXTargetDependency;
			target = 371B3FE9288A2763008F39ED /* pupsroad */;
			targetProxy = 371B400B288A2766008F39ED /* PBXContainerItemProxy */;
		};
/* End PBXTargetDependency section */

/* Begin PBXVariantGroup section */
		371B3FF8288A2765008F39ED /* LaunchScreen.storyboard */ = {
			isa = PBXVariantGroup;
			children = (
				371B3FF9288A2765008F39ED /* Base */,
			);
			name = LaunchScreen.storyboard;
			sourceTree = "<group>";
		};
/* End PBXVariantGroup section */

/* Begin XCBuildConfiguration section */
		371B4012288A2766008F39ED /* Debug (Dev) */ = {
			isa = XCBuildConfiguration;
			baseConfigurationReference = 371B402F288A30F1008F39ED /* Dev.xcconfig */;
			buildSettings = {
				ALWAYS_SEARCH_USER_PATHS = NO;
				CLANG_ANALYZER_NONNULL = YES;
				CLANG_ANALYZER_NUMBER_OBJECT_CONVERSION = YES_AGGRESSIVE;
				CLANG_CXX_LANGUAGE_STANDARD = "gnu++17";
				CLANG_ENABLE_MODULES = YES;
				CLANG_ENABLE_OBJC_ARC = YES;
				CLANG_ENABLE_OBJC_WEAK = YES;
				CLANG_WARN_BLOCK_CAPTURE_AUTORELEASING = YES;
				CLANG_WARN_BOOL_CONVERSION = YES;
				CLANG_WARN_COMMA = YES;
				CLANG_WARN_CONSTANT_CONVERSION = YES;
				CLANG_WARN_DEPRECATED_OBJC_IMPLEMENTATIONS = YES;
				CLANG_WARN_DIRECT_OBJC_ISA_USAGE = YES_ERROR;
				CLANG_WARN_DOCUMENTATION_COMMENTS = YES;
				CLANG_WARN_EMPTY_BODY = YES;
				CLANG_WARN_ENUM_CONVERSION = YES;
				CLANG_WARN_INFINITE_RECURSION = YES;
				CLANG_WARN_INT_CONVERSION = YES;
				CLANG_WARN_NON_LITERAL_NULL_CONVERSION = YES;
				CLANG_WARN_OBJC_IMPLICIT_RETAIN_SELF = YES;
				CLANG_WARN_OBJC_LITERAL_CONVERSION = YES;
				CLANG_WARN_OBJC_ROOT_CLASS = YES_ERROR;
				CLANG_WARN_QUOTED_INCLUDE_IN_FRAMEWORK_HEADER = YES;
				CLANG_WARN_RANGE_LOOP_ANALYSIS = YES;
				CLANG_WARN_STRICT_PROTOTYPES = YES;
				CLANG_WARN_SUSPICIOUS_MOVE = YES;
				CLANG_WARN_UNGUARDED_AVAILABILITY = YES_AGGRESSIVE;
				CLANG_WARN_UNREACHABLE_CODE = YES;
				CLANG_WARN__DUPLICATE_METHOD_MATCH = YES;
				COPY_PHASE_STRIP = NO;
				DEBUG_INFORMATION_FORMAT = dwarf;
				ENABLE_STRICT_OBJC_MSGSEND = YES;
				ENABLE_TESTABILITY = YES;
				GCC_C_LANGUAGE_STANDARD = gnu11;
				GCC_DYNAMIC_NO_PIC = NO;
				GCC_NO_COMMON_BLOCKS = YES;
				GCC_OPTIMIZATION_LEVEL = 0;
				GCC_PREPROCESSOR_DEFINITIONS = (
					"DEBUG=1",
					"$(inherited)",
				);
				GCC_WARN_64_TO_32_BIT_CONVERSION = YES;
				GCC_WARN_ABOUT_RETURN_TYPE = YES_ERROR;
				GCC_WARN_UNDECLARED_SELECTOR = YES;
				GCC_WARN_UNINITIALIZED_AUTOS = YES_AGGRESSIVE;
				GCC_WARN_UNUSED_FUNCTION = YES;
				GCC_WARN_UNUSED_VARIABLE = YES;
				IPHONEOS_DEPLOYMENT_TARGET = 15.5;
				MTL_ENABLE_DEBUG_INFO = INCLUDE_SOURCE;
				MTL_FAST_MATH = YES;
				ONLY_ACTIVE_ARCH = YES;
				SDKROOT = iphoneos;
				SWIFT_ACTIVE_COMPILATION_CONDITIONS = DEBUG;
				SWIFT_OPTIMIZATION_LEVEL = "-Onone";
			};
			name = "Debug (Dev)";
		};
		371B4013288A2766008F39ED /* Release (Dev) */ = {
			isa = XCBuildConfiguration;
			baseConfigurationReference = 371B402F288A30F1008F39ED /* Dev.xcconfig */;
			buildSettings = {
				ALWAYS_SEARCH_USER_PATHS = NO;
				CLANG_ANALYZER_NONNULL = YES;
				CLANG_ANALYZER_NUMBER_OBJECT_CONVERSION = YES_AGGRESSIVE;
				CLANG_CXX_LANGUAGE_STANDARD = "gnu++17";
				CLANG_ENABLE_MODULES = YES;
				CLANG_ENABLE_OBJC_ARC = YES;
				CLANG_ENABLE_OBJC_WEAK = YES;
				CLANG_WARN_BLOCK_CAPTURE_AUTORELEASING = YES;
				CLANG_WARN_BOOL_CONVERSION = YES;
				CLANG_WARN_COMMA = YES;
				CLANG_WARN_CONSTANT_CONVERSION = YES;
				CLANG_WARN_DEPRECATED_OBJC_IMPLEMENTATIONS = YES;
				CLANG_WARN_DIRECT_OBJC_ISA_USAGE = YES_ERROR;
				CLANG_WARN_DOCUMENTATION_COMMENTS = YES;
				CLANG_WARN_EMPTY_BODY = YES;
				CLANG_WARN_ENUM_CONVERSION = YES;
				CLANG_WARN_INFINITE_RECURSION = YES;
				CLANG_WARN_INT_CONVERSION = YES;
				CLANG_WARN_NON_LITERAL_NULL_CONVERSION = YES;
				CLANG_WARN_OBJC_IMPLICIT_RETAIN_SELF = YES;
				CLANG_WARN_OBJC_LITERAL_CONVERSION = YES;
				CLANG_WARN_OBJC_ROOT_CLASS = YES_ERROR;
				CLANG_WARN_QUOTED_INCLUDE_IN_FRAMEWORK_HEADER = YES;
				CLANG_WARN_RANGE_LOOP_ANALYSIS = YES;
				CLANG_WARN_STRICT_PROTOTYPES = YES;
				CLANG_WARN_SUSPICIOUS_MOVE = YES;
				CLANG_WARN_UNGUARDED_AVAILABILITY = YES_AGGRESSIVE;
				CLANG_WARN_UNREACHABLE_CODE = YES;
				CLANG_WARN__DUPLICATE_METHOD_MATCH = YES;
				COPY_PHASE_STRIP = NO;
				DEBUG_INFORMATION_FORMAT = "dwarf-with-dsym";
				ENABLE_NS_ASSERTIONS = NO;
				ENABLE_STRICT_OBJC_MSGSEND = YES;
				GCC_C_LANGUAGE_STANDARD = gnu11;
				GCC_NO_COMMON_BLOCKS = YES;
				GCC_WARN_64_TO_32_BIT_CONVERSION = YES;
				GCC_WARN_ABOUT_RETURN_TYPE = YES_ERROR;
				GCC_WARN_UNDECLARED_SELECTOR = YES;
				GCC_WARN_UNINITIALIZED_AUTOS = YES_AGGRESSIVE;
				GCC_WARN_UNUSED_FUNCTION = YES;
				GCC_WARN_UNUSED_VARIABLE = YES;
				IPHONEOS_DEPLOYMENT_TARGET = 15.5;
				MTL_ENABLE_DEBUG_INFO = NO;
				MTL_FAST_MATH = YES;
				SDKROOT = iphoneos;
				SWIFT_COMPILATION_MODE = wholemodule;
				SWIFT_OPTIMIZATION_LEVEL = "-O";
				VALIDATE_PRODUCT = YES;
			};
			name = "Release (Dev)";
		};
		371B4015288A2766008F39ED /* Debug (Dev) */ = {
			isa = XCBuildConfiguration;
			baseConfigurationReference = 371B402F288A30F1008F39ED /* Dev.xcconfig */;
			buildSettings = {
				ASSETCATALOG_COMPILER_APPICON_NAME = AppIcon;
				ASSETCATALOG_COMPILER_GLOBAL_ACCENT_COLOR_NAME = AccentColor;
				CLANG_ENABLE_OBJC_ARC = NO;
				CODE_SIGN_IDENTITY = "iPhone Developer";
				CODE_SIGN_STYLE = Manual;
				CURRENT_PROJECT_VERSION = 1;
				DEVELOPMENT_TEAM = M3KMTD49RM;
				FRAMEWORK_SEARCH_PATHS = (
					"$(inherited)",
					"$(PROJECT_DIR)/DaumMap.embeddedframework",
				);
				GENERATE_INFOPLIST_FILE = NO;
				INFOPLIST_FILE = "${PROJECT_DIR}/pupsroad/Config/Info.plist";
				INFOPLIST_KEY_UIApplicationSupportsIndirectInputEvents = YES;
				INFOPLIST_KEY_UILaunchStoryboardName = LaunchScreen;
				INFOPLIST_KEY_UISupportedInterfaceOrientations_iPad = "UIInterfaceOrientationPortrait UIInterfaceOrientationPortraitUpsideDown UIInterfaceOrientationLandscapeLeft UIInterfaceOrientationLandscapeRight";
				INFOPLIST_KEY_UISupportedInterfaceOrientations_iPhone = "UIInterfaceOrientationPortrait UIInterfaceOrientationLandscapeLeft UIInterfaceOrientationLandscapeRight";
				LD_RUNPATH_SEARCH_PATHS = (
					"$(inherited)",
					"@executable_path/Frameworks",
				);
				MARKETING_VERSION = 1.0.0;
				PRODUCT_BUNDLE_IDENTIFIER = "$(APP_BUNDLE_ID)";
				PRODUCT_NAME = "$(APP_NAME)";
				PROVISIONING_PROFILE_SPECIFIER = "match Development bside.onthe7.pupsroad";
				SWIFT_EMIT_LOC_STRINGS = YES;
				SWIFT_OBJC_BRIDGING_HEADER = "$(PROJECT_DIR)/KakaoMap-Bridge-Header.h";
				SWIFT_VERSION = 5.0;
				TARGETED_DEVICE_FAMILY = "1,2";
			};
			name = "Debug (Dev)";
		};
		371B4016288A2766008F39ED /* Release (Dev) */ = {
			isa = XCBuildConfiguration;
			baseConfigurationReference = 371B402F288A30F1008F39ED /* Dev.xcconfig */;
			buildSettings = {
				ASSETCATALOG_COMPILER_APPICON_NAME = AppIcon;
				ASSETCATALOG_COMPILER_GLOBAL_ACCENT_COLOR_NAME = AccentColor;
				CLANG_ENABLE_OBJC_ARC = NO;
				CODE_SIGN_IDENTITY = "iPhone Distribution";
				CODE_SIGN_STYLE = Manual;
				CURRENT_PROJECT_VERSION = 1;
				DEVELOPMENT_TEAM = M3KMTD49RM;
				FRAMEWORK_SEARCH_PATHS = (
					"$(inherited)",
					"$(PROJECT_DIR)/DaumMap.embeddedframework",
				);
				GENERATE_INFOPLIST_FILE = NO;
				INFOPLIST_FILE = "${PROJECT_DIR}/pupsroad/Config/Info.plist";
				INFOPLIST_KEY_UIApplicationSupportsIndirectInputEvents = YES;
				INFOPLIST_KEY_UILaunchStoryboardName = LaunchScreen;
				INFOPLIST_KEY_UISupportedInterfaceOrientations_iPad = "UIInterfaceOrientationPortrait UIInterfaceOrientationPortraitUpsideDown UIInterfaceOrientationLandscapeLeft UIInterfaceOrientationLandscapeRight";
				INFOPLIST_KEY_UISupportedInterfaceOrientations_iPhone = "UIInterfaceOrientationPortrait UIInterfaceOrientationLandscapeLeft UIInterfaceOrientationLandscapeRight";
				LD_RUNPATH_SEARCH_PATHS = (
					"$(inherited)",
					"@executable_path/Frameworks",
				);
				MARKETING_VERSION = 1.0.0;
				PRODUCT_BUNDLE_IDENTIFIER = "$(APP_BUNDLE_ID)";
				PRODUCT_NAME = "$(APP_NAME)";
				PROVISIONING_PROFILE_SPECIFIER = "match AppStore bside.onthe7.pupsroad";
				SWIFT_EMIT_LOC_STRINGS = YES;
				SWIFT_OBJC_BRIDGING_HEADER = "$(PROJECT_DIR)/KakaoMap-Bridge-Header.h";
				SWIFT_VERSION = 5.0;
				TARGETED_DEVICE_FAMILY = "1,2";
			};
			name = "Release (Dev)";
		};
		371B4018288A2766008F39ED /* Debug (Dev) */ = {
			isa = XCBuildConfiguration;
			baseConfigurationReference = 371B402F288A30F1008F39ED /* Dev.xcconfig */;
			buildSettings = {
				ALWAYS_EMBED_SWIFT_STANDARD_LIBRARIES = YES;
				BUNDLE_LOADER = "$(TEST_HOST)";
				CODE_SIGN_STYLE = Automatic;
				CURRENT_PROJECT_VERSION = 1;
				DEVELOPMENT_TEAM = M3KMTD49RM;
				GENERATE_INFOPLIST_FILE = YES;
				IPHONEOS_DEPLOYMENT_TARGET = 15.5;
				MARKETING_VERSION = 1.0;
				PRODUCT_BUNDLE_IDENTIFIER = bside.onthe7.pupsroadTests;
				PRODUCT_NAME = "$(TARGET_NAME)";
				SWIFT_EMIT_LOC_STRINGS = NO;
				SWIFT_VERSION = 5.0;
				TARGETED_DEVICE_FAMILY = "1,2";
				TEST_HOST = "$(BUILT_PRODUCTS_DIR)/pupsroad.app/pupsroad";
			};
			name = "Debug (Dev)";
		};
		371B4019288A2766008F39ED /* Release (Dev) */ = {
			isa = XCBuildConfiguration;
			baseConfigurationReference = 371B402F288A30F1008F39ED /* Dev.xcconfig */;
			buildSettings = {
				ALWAYS_EMBED_SWIFT_STANDARD_LIBRARIES = YES;
				BUNDLE_LOADER = "$(TEST_HOST)";
				CODE_SIGN_STYLE = Automatic;
				CURRENT_PROJECT_VERSION = 1;
				DEVELOPMENT_TEAM = M3KMTD49RM;
				GENERATE_INFOPLIST_FILE = YES;
				IPHONEOS_DEPLOYMENT_TARGET = 15.5;
				MARKETING_VERSION = 1.0;
				PRODUCT_BUNDLE_IDENTIFIER = bside.onthe7.pupsroadTests;
				PRODUCT_NAME = "$(TARGET_NAME)";
				SWIFT_EMIT_LOC_STRINGS = NO;
				SWIFT_VERSION = 5.0;
				TARGETED_DEVICE_FAMILY = "1,2";
				TEST_HOST = "$(BUILT_PRODUCTS_DIR)/pupsroad.app/pupsroad";
			};
			name = "Release (Dev)";
		};
		371B401B288A2766008F39ED /* Debug (Dev) */ = {
			isa = XCBuildConfiguration;
			baseConfigurationReference = 371B402F288A30F1008F39ED /* Dev.xcconfig */;
			buildSettings = {
				ALWAYS_EMBED_SWIFT_STANDARD_LIBRARIES = YES;
				CODE_SIGN_STYLE = Automatic;
				CURRENT_PROJECT_VERSION = 1;
				DEVELOPMENT_TEAM = M3KMTD49RM;
				GENERATE_INFOPLIST_FILE = YES;
				MARKETING_VERSION = 1.0;
				PRODUCT_BUNDLE_IDENTIFIER = bside.onthe7.pupsroadUITests;
				PRODUCT_NAME = "$(TARGET_NAME)";
				SWIFT_EMIT_LOC_STRINGS = NO;
				SWIFT_VERSION = 5.0;
				TARGETED_DEVICE_FAMILY = "1,2";
				TEST_TARGET_NAME = pupsroad;
			};
			name = "Debug (Dev)";
		};
		371B401C288A2766008F39ED /* Release (Dev) */ = {
			isa = XCBuildConfiguration;
			baseConfigurationReference = 371B402F288A30F1008F39ED /* Dev.xcconfig */;
			buildSettings = {
				ALWAYS_EMBED_SWIFT_STANDARD_LIBRARIES = YES;
				CODE_SIGN_STYLE = Automatic;
				CURRENT_PROJECT_VERSION = 1;
				DEVELOPMENT_TEAM = M3KMTD49RM;
				GENERATE_INFOPLIST_FILE = YES;
				MARKETING_VERSION = 1.0;
				PRODUCT_BUNDLE_IDENTIFIER = bside.onthe7.pupsroadUITests;
				PRODUCT_NAME = "$(TARGET_NAME)";
				SWIFT_EMIT_LOC_STRINGS = NO;
				SWIFT_VERSION = 5.0;
				TARGETED_DEVICE_FAMILY = "1,2";
				TEST_TARGET_NAME = pupsroad;
			};
			name = "Release (Dev)";
		};
		371B401E288A2F38008F39ED /* Debug (Prod) */ = {
			isa = XCBuildConfiguration;
			baseConfigurationReference = 371B4031288A30FF008F39ED /* Prod.xcconfig */;
			buildSettings = {
				ALWAYS_SEARCH_USER_PATHS = NO;
				CLANG_ANALYZER_NONNULL = YES;
				CLANG_ANALYZER_NUMBER_OBJECT_CONVERSION = YES_AGGRESSIVE;
				CLANG_CXX_LANGUAGE_STANDARD = "gnu++17";
				CLANG_ENABLE_MODULES = YES;
				CLANG_ENABLE_OBJC_ARC = YES;
				CLANG_ENABLE_OBJC_WEAK = YES;
				CLANG_WARN_BLOCK_CAPTURE_AUTORELEASING = YES;
				CLANG_WARN_BOOL_CONVERSION = YES;
				CLANG_WARN_COMMA = YES;
				CLANG_WARN_CONSTANT_CONVERSION = YES;
				CLANG_WARN_DEPRECATED_OBJC_IMPLEMENTATIONS = YES;
				CLANG_WARN_DIRECT_OBJC_ISA_USAGE = YES_ERROR;
				CLANG_WARN_DOCUMENTATION_COMMENTS = YES;
				CLANG_WARN_EMPTY_BODY = YES;
				CLANG_WARN_ENUM_CONVERSION = YES;
				CLANG_WARN_INFINITE_RECURSION = YES;
				CLANG_WARN_INT_CONVERSION = YES;
				CLANG_WARN_NON_LITERAL_NULL_CONVERSION = YES;
				CLANG_WARN_OBJC_IMPLICIT_RETAIN_SELF = YES;
				CLANG_WARN_OBJC_LITERAL_CONVERSION = YES;
				CLANG_WARN_OBJC_ROOT_CLASS = YES_ERROR;
				CLANG_WARN_QUOTED_INCLUDE_IN_FRAMEWORK_HEADER = YES;
				CLANG_WARN_RANGE_LOOP_ANALYSIS = YES;
				CLANG_WARN_STRICT_PROTOTYPES = YES;
				CLANG_WARN_SUSPICIOUS_MOVE = YES;
				CLANG_WARN_UNGUARDED_AVAILABILITY = YES_AGGRESSIVE;
				CLANG_WARN_UNREACHABLE_CODE = YES;
				CLANG_WARN__DUPLICATE_METHOD_MATCH = YES;
				COPY_PHASE_STRIP = NO;
				DEBUG_INFORMATION_FORMAT = dwarf;
				ENABLE_STRICT_OBJC_MSGSEND = YES;
				ENABLE_TESTABILITY = YES;
				GCC_C_LANGUAGE_STANDARD = gnu11;
				GCC_DYNAMIC_NO_PIC = NO;
				GCC_NO_COMMON_BLOCKS = YES;
				GCC_OPTIMIZATION_LEVEL = 0;
				GCC_PREPROCESSOR_DEFINITIONS = (
					"DEBUG=1",
					"$(inherited)",
				);
				GCC_WARN_64_TO_32_BIT_CONVERSION = YES;
				GCC_WARN_ABOUT_RETURN_TYPE = YES_ERROR;
				GCC_WARN_UNDECLARED_SELECTOR = YES;
				GCC_WARN_UNINITIALIZED_AUTOS = YES_AGGRESSIVE;
				GCC_WARN_UNUSED_FUNCTION = YES;
				GCC_WARN_UNUSED_VARIABLE = YES;
				IPHONEOS_DEPLOYMENT_TARGET = 15.5;
				MTL_ENABLE_DEBUG_INFO = INCLUDE_SOURCE;
				MTL_FAST_MATH = YES;
				ONLY_ACTIVE_ARCH = YES;
				SDKROOT = iphoneos;
				SWIFT_ACTIVE_COMPILATION_CONDITIONS = DEBUG;
				SWIFT_OPTIMIZATION_LEVEL = "-Onone";
			};
			name = "Debug (Prod)";
		};
		371B401F288A2F38008F39ED /* Debug (Prod) */ = {
			isa = XCBuildConfiguration;
			baseConfigurationReference = 371B4031288A30FF008F39ED /* Prod.xcconfig */;
			buildSettings = {
				ASSETCATALOG_COMPILER_APPICON_NAME = AppIcon;
				ASSETCATALOG_COMPILER_GLOBAL_ACCENT_COLOR_NAME = AccentColor;
				CLANG_ENABLE_OBJC_ARC = NO;
				CODE_SIGN_IDENTITY = "iPhone Developer";
				CODE_SIGN_STYLE = Manual;
				CURRENT_PROJECT_VERSION = 1;
				DEVELOPMENT_TEAM = M3KMTD49RM;
				FRAMEWORK_SEARCH_PATHS = (
					"$(inherited)",
					"$(PROJECT_DIR)/DaumMap.embeddedframework",
				);
				GENERATE_INFOPLIST_FILE = NO;
				INFOPLIST_FILE = "${PROJECT_DIR}/pupsroad/Config/Info.plist";
				INFOPLIST_KEY_UIApplicationSupportsIndirectInputEvents = YES;
				INFOPLIST_KEY_UILaunchStoryboardName = LaunchScreen;
				INFOPLIST_KEY_UISupportedInterfaceOrientations_iPad = "UIInterfaceOrientationPortrait UIInterfaceOrientationPortraitUpsideDown UIInterfaceOrientationLandscapeLeft UIInterfaceOrientationLandscapeRight";
				INFOPLIST_KEY_UISupportedInterfaceOrientations_iPhone = "UIInterfaceOrientationPortrait UIInterfaceOrientationLandscapeLeft UIInterfaceOrientationLandscapeRight";
				LD_RUNPATH_SEARCH_PATHS = (
					"$(inherited)",
					"@executable_path/Frameworks",
				);
				MARKETING_VERSION = 1.0.0;
				PRODUCT_BUNDLE_IDENTIFIER = "$(APP_BUNDLE_ID)";
				PRODUCT_NAME = "$(APP_NAME)";
				PROVISIONING_PROFILE_SPECIFIER = "match Development bside.onthe7.pupsroad";
				SWIFT_EMIT_LOC_STRINGS = YES;
				SWIFT_OBJC_BRIDGING_HEADER = "$(PROJECT_DIR)/KakaoMap-Bridge-Header.h";
				SWIFT_VERSION = 5.0;
				TARGETED_DEVICE_FAMILY = "1,2";
			};
			name = "Debug (Prod)";
		};
		371B4020288A2F38008F39ED /* Debug (Prod) */ = {
			isa = XCBuildConfiguration;
			baseConfigurationReference = 371B4031288A30FF008F39ED /* Prod.xcconfig */;
			buildSettings = {
				ALWAYS_EMBED_SWIFT_STANDARD_LIBRARIES = YES;
				BUNDLE_LOADER = "$(TEST_HOST)";
				CODE_SIGN_STYLE = Automatic;
				CURRENT_PROJECT_VERSION = 1;
				DEVELOPMENT_TEAM = M3KMTD49RM;
				GENERATE_INFOPLIST_FILE = YES;
				IPHONEOS_DEPLOYMENT_TARGET = 15.5;
				MARKETING_VERSION = 1.0;
				PRODUCT_BUNDLE_IDENTIFIER = bside.onthe7.pupsroadTests;
				PRODUCT_NAME = "$(TARGET_NAME)";
				SWIFT_EMIT_LOC_STRINGS = NO;
				SWIFT_VERSION = 5.0;
				TARGETED_DEVICE_FAMILY = "1,2";
				TEST_HOST = "$(BUILT_PRODUCTS_DIR)/pupsroad.app/pupsroad";
			};
			name = "Debug (Prod)";
		};
		371B4021288A2F38008F39ED /* Debug (Prod) */ = {
			isa = XCBuildConfiguration;
			baseConfigurationReference = 371B4031288A30FF008F39ED /* Prod.xcconfig */;
			buildSettings = {
				ALWAYS_EMBED_SWIFT_STANDARD_LIBRARIES = YES;
				CODE_SIGN_STYLE = Automatic;
				CURRENT_PROJECT_VERSION = 1;
				DEVELOPMENT_TEAM = M3KMTD49RM;
				GENERATE_INFOPLIST_FILE = YES;
				MARKETING_VERSION = 1.0;
				PRODUCT_BUNDLE_IDENTIFIER = bside.onthe7.pupsroadUITests;
				PRODUCT_NAME = "$(TARGET_NAME)";
				SWIFT_EMIT_LOC_STRINGS = NO;
				SWIFT_VERSION = 5.0;
				TARGETED_DEVICE_FAMILY = "1,2";
				TEST_TARGET_NAME = pupsroad;
			};
			name = "Debug (Prod)";
		};
		371B4022288A2F45008F39ED /* Debug (Stage) */ = {
			isa = XCBuildConfiguration;
			baseConfigurationReference = 371B4032288A310F008F39ED /* Stage.xcconfig */;
			buildSettings = {
				ALWAYS_SEARCH_USER_PATHS = NO;
				CLANG_ANALYZER_NONNULL = YES;
				CLANG_ANALYZER_NUMBER_OBJECT_CONVERSION = YES_AGGRESSIVE;
				CLANG_CXX_LANGUAGE_STANDARD = "gnu++17";
				CLANG_ENABLE_MODULES = YES;
				CLANG_ENABLE_OBJC_ARC = YES;
				CLANG_ENABLE_OBJC_WEAK = YES;
				CLANG_WARN_BLOCK_CAPTURE_AUTORELEASING = YES;
				CLANG_WARN_BOOL_CONVERSION = YES;
				CLANG_WARN_COMMA = YES;
				CLANG_WARN_CONSTANT_CONVERSION = YES;
				CLANG_WARN_DEPRECATED_OBJC_IMPLEMENTATIONS = YES;
				CLANG_WARN_DIRECT_OBJC_ISA_USAGE = YES_ERROR;
				CLANG_WARN_DOCUMENTATION_COMMENTS = YES;
				CLANG_WARN_EMPTY_BODY = YES;
				CLANG_WARN_ENUM_CONVERSION = YES;
				CLANG_WARN_INFINITE_RECURSION = YES;
				CLANG_WARN_INT_CONVERSION = YES;
				CLANG_WARN_NON_LITERAL_NULL_CONVERSION = YES;
				CLANG_WARN_OBJC_IMPLICIT_RETAIN_SELF = YES;
				CLANG_WARN_OBJC_LITERAL_CONVERSION = YES;
				CLANG_WARN_OBJC_ROOT_CLASS = YES_ERROR;
				CLANG_WARN_QUOTED_INCLUDE_IN_FRAMEWORK_HEADER = YES;
				CLANG_WARN_RANGE_LOOP_ANALYSIS = YES;
				CLANG_WARN_STRICT_PROTOTYPES = YES;
				CLANG_WARN_SUSPICIOUS_MOVE = YES;
				CLANG_WARN_UNGUARDED_AVAILABILITY = YES_AGGRESSIVE;
				CLANG_WARN_UNREACHABLE_CODE = YES;
				CLANG_WARN__DUPLICATE_METHOD_MATCH = YES;
				COPY_PHASE_STRIP = NO;
				DEBUG_INFORMATION_FORMAT = dwarf;
				ENABLE_STRICT_OBJC_MSGSEND = YES;
				ENABLE_TESTABILITY = YES;
				GCC_C_LANGUAGE_STANDARD = gnu11;
				GCC_DYNAMIC_NO_PIC = NO;
				GCC_NO_COMMON_BLOCKS = YES;
				GCC_OPTIMIZATION_LEVEL = 0;
				GCC_PREPROCESSOR_DEFINITIONS = (
					"DEBUG=1",
					"$(inherited)",
				);
				GCC_WARN_64_TO_32_BIT_CONVERSION = YES;
				GCC_WARN_ABOUT_RETURN_TYPE = YES_ERROR;
				GCC_WARN_UNDECLARED_SELECTOR = YES;
				GCC_WARN_UNINITIALIZED_AUTOS = YES_AGGRESSIVE;
				GCC_WARN_UNUSED_FUNCTION = YES;
				GCC_WARN_UNUSED_VARIABLE = YES;
				IPHONEOS_DEPLOYMENT_TARGET = 15.5;
				MTL_ENABLE_DEBUG_INFO = INCLUDE_SOURCE;
				MTL_FAST_MATH = YES;
				ONLY_ACTIVE_ARCH = YES;
				SDKROOT = iphoneos;
				SWIFT_ACTIVE_COMPILATION_CONDITIONS = DEBUG;
				SWIFT_OPTIMIZATION_LEVEL = "-Onone";
			};
			name = "Debug (Stage)";
		};
		371B4023288A2F45008F39ED /* Debug (Stage) */ = {
			isa = XCBuildConfiguration;
			baseConfigurationReference = 371B4032288A310F008F39ED /* Stage.xcconfig */;
			buildSettings = {
				ASSETCATALOG_COMPILER_APPICON_NAME = AppIcon;
				ASSETCATALOG_COMPILER_GLOBAL_ACCENT_COLOR_NAME = AccentColor;
				CLANG_ENABLE_OBJC_ARC = NO;
				CODE_SIGN_IDENTITY = "iPhone Developer";
				CODE_SIGN_STYLE = Manual;
				CURRENT_PROJECT_VERSION = 1;
				DEVELOPMENT_TEAM = M3KMTD49RM;
				FRAMEWORK_SEARCH_PATHS = (
					"$(inherited)",
					"$(PROJECT_DIR)/DaumMap.embeddedframework",
				);
				GENERATE_INFOPLIST_FILE = NO;
				INFOPLIST_FILE = "${PROJECT_DIR}/pupsroad/Config/Info.plist";
				INFOPLIST_KEY_UIApplicationSupportsIndirectInputEvents = YES;
				INFOPLIST_KEY_UILaunchStoryboardName = LaunchScreen;
				INFOPLIST_KEY_UISupportedInterfaceOrientations_iPad = "UIInterfaceOrientationPortrait UIInterfaceOrientationPortraitUpsideDown UIInterfaceOrientationLandscapeLeft UIInterfaceOrientationLandscapeRight";
				INFOPLIST_KEY_UISupportedInterfaceOrientations_iPhone = "UIInterfaceOrientationPortrait UIInterfaceOrientationLandscapeLeft UIInterfaceOrientationLandscapeRight";
				LD_RUNPATH_SEARCH_PATHS = (
					"$(inherited)",
					"@executable_path/Frameworks",
				);
				MARKETING_VERSION = 1.0.0;
				PRODUCT_BUNDLE_IDENTIFIER = "$(APP_BUNDLE_ID)";
				PRODUCT_NAME = "$(APP_NAME)";
				PROVISIONING_PROFILE_SPECIFIER = "match Development bside.onthe7.pupsroad";
				SWIFT_EMIT_LOC_STRINGS = YES;
				SWIFT_OBJC_BRIDGING_HEADER = "$(PROJECT_DIR)/KakaoMap-Bridge-Header.h";
				SWIFT_VERSION = 5.0;
				TARGETED_DEVICE_FAMILY = "1,2";
			};
			name = "Debug (Stage)";
		};
		371B4024288A2F45008F39ED /* Debug (Stage) */ = {
			isa = XCBuildConfiguration;
			baseConfigurationReference = 371B4032288A310F008F39ED /* Stage.xcconfig */;
			buildSettings = {
				ALWAYS_EMBED_SWIFT_STANDARD_LIBRARIES = YES;
				BUNDLE_LOADER = "$(TEST_HOST)";
				CODE_SIGN_STYLE = Automatic;
				CURRENT_PROJECT_VERSION = 1;
				DEVELOPMENT_TEAM = M3KMTD49RM;
				GENERATE_INFOPLIST_FILE = YES;
				IPHONEOS_DEPLOYMENT_TARGET = 15.5;
				MARKETING_VERSION = 1.0;
				PRODUCT_BUNDLE_IDENTIFIER = bside.onthe7.pupsroadTests;
				PRODUCT_NAME = "$(TARGET_NAME)";
				SWIFT_EMIT_LOC_STRINGS = NO;
				SWIFT_VERSION = 5.0;
				TARGETED_DEVICE_FAMILY = "1,2";
				TEST_HOST = "$(BUILT_PRODUCTS_DIR)/pupsroad.app/pupsroad";
			};
			name = "Debug (Stage)";
		};
		371B4025288A2F45008F39ED /* Debug (Stage) */ = {
			isa = XCBuildConfiguration;
			baseConfigurationReference = 371B4032288A310F008F39ED /* Stage.xcconfig */;
			buildSettings = {
				ALWAYS_EMBED_SWIFT_STANDARD_LIBRARIES = YES;
				CODE_SIGN_STYLE = Automatic;
				CURRENT_PROJECT_VERSION = 1;
				DEVELOPMENT_TEAM = M3KMTD49RM;
				GENERATE_INFOPLIST_FILE = YES;
				MARKETING_VERSION = 1.0;
				PRODUCT_BUNDLE_IDENTIFIER = bside.onthe7.pupsroadUITests;
				PRODUCT_NAME = "$(TARGET_NAME)";
				SWIFT_EMIT_LOC_STRINGS = NO;
				SWIFT_VERSION = 5.0;
				TARGETED_DEVICE_FAMILY = "1,2";
				TEST_TARGET_NAME = pupsroad;
			};
			name = "Debug (Stage)";
		};
		371B4026288A2F47008F39ED /* Release (Stage) */ = {
			isa = XCBuildConfiguration;
			baseConfigurationReference = 371B4032288A310F008F39ED /* Stage.xcconfig */;
			buildSettings = {
				ALWAYS_SEARCH_USER_PATHS = NO;
				CLANG_ANALYZER_NONNULL = YES;
				CLANG_ANALYZER_NUMBER_OBJECT_CONVERSION = YES_AGGRESSIVE;
				CLANG_CXX_LANGUAGE_STANDARD = "gnu++17";
				CLANG_ENABLE_MODULES = YES;
				CLANG_ENABLE_OBJC_ARC = YES;
				CLANG_ENABLE_OBJC_WEAK = YES;
				CLANG_WARN_BLOCK_CAPTURE_AUTORELEASING = YES;
				CLANG_WARN_BOOL_CONVERSION = YES;
				CLANG_WARN_COMMA = YES;
				CLANG_WARN_CONSTANT_CONVERSION = YES;
				CLANG_WARN_DEPRECATED_OBJC_IMPLEMENTATIONS = YES;
				CLANG_WARN_DIRECT_OBJC_ISA_USAGE = YES_ERROR;
				CLANG_WARN_DOCUMENTATION_COMMENTS = YES;
				CLANG_WARN_EMPTY_BODY = YES;
				CLANG_WARN_ENUM_CONVERSION = YES;
				CLANG_WARN_INFINITE_RECURSION = YES;
				CLANG_WARN_INT_CONVERSION = YES;
				CLANG_WARN_NON_LITERAL_NULL_CONVERSION = YES;
				CLANG_WARN_OBJC_IMPLICIT_RETAIN_SELF = YES;
				CLANG_WARN_OBJC_LITERAL_CONVERSION = YES;
				CLANG_WARN_OBJC_ROOT_CLASS = YES_ERROR;
				CLANG_WARN_QUOTED_INCLUDE_IN_FRAMEWORK_HEADER = YES;
				CLANG_WARN_RANGE_LOOP_ANALYSIS = YES;
				CLANG_WARN_STRICT_PROTOTYPES = YES;
				CLANG_WARN_SUSPICIOUS_MOVE = YES;
				CLANG_WARN_UNGUARDED_AVAILABILITY = YES_AGGRESSIVE;
				CLANG_WARN_UNREACHABLE_CODE = YES;
				CLANG_WARN__DUPLICATE_METHOD_MATCH = YES;
				COPY_PHASE_STRIP = NO;
				DEBUG_INFORMATION_FORMAT = "dwarf-with-dsym";
				ENABLE_NS_ASSERTIONS = NO;
				ENABLE_STRICT_OBJC_MSGSEND = YES;
				GCC_C_LANGUAGE_STANDARD = gnu11;
				GCC_NO_COMMON_BLOCKS = YES;
				GCC_WARN_64_TO_32_BIT_CONVERSION = YES;
				GCC_WARN_ABOUT_RETURN_TYPE = YES_ERROR;
				GCC_WARN_UNDECLARED_SELECTOR = YES;
				GCC_WARN_UNINITIALIZED_AUTOS = YES_AGGRESSIVE;
				GCC_WARN_UNUSED_FUNCTION = YES;
				GCC_WARN_UNUSED_VARIABLE = YES;
				IPHONEOS_DEPLOYMENT_TARGET = 15.5;
				MTL_ENABLE_DEBUG_INFO = NO;
				MTL_FAST_MATH = YES;
				SDKROOT = iphoneos;
				SWIFT_COMPILATION_MODE = wholemodule;
				SWIFT_OPTIMIZATION_LEVEL = "-O";
				VALIDATE_PRODUCT = YES;
			};
			name = "Release (Stage)";
		};
		371B4027288A2F47008F39ED /* Release (Stage) */ = {
			isa = XCBuildConfiguration;
			baseConfigurationReference = 371B4032288A310F008F39ED /* Stage.xcconfig */;
			buildSettings = {
				ASSETCATALOG_COMPILER_APPICON_NAME = AppIcon;
				ASSETCATALOG_COMPILER_GLOBAL_ACCENT_COLOR_NAME = AccentColor;
				CLANG_ENABLE_OBJC_ARC = NO;
				CODE_SIGN_IDENTITY = "iPhone Distribution";
				CODE_SIGN_STYLE = Manual;
				CURRENT_PROJECT_VERSION = 1;
				DEVELOPMENT_TEAM = M3KMTD49RM;
				FRAMEWORK_SEARCH_PATHS = (
					"$(inherited)",
					"$(PROJECT_DIR)/DaumMap.embeddedframework",
				);
				GENERATE_INFOPLIST_FILE = NO;
				INFOPLIST_FILE = "${PROJECT_DIR}/pupsroad/Config/Info.plist";
				INFOPLIST_KEY_UIApplicationSupportsIndirectInputEvents = YES;
				INFOPLIST_KEY_UILaunchStoryboardName = LaunchScreen;
				INFOPLIST_KEY_UISupportedInterfaceOrientations_iPad = "UIInterfaceOrientationPortrait UIInterfaceOrientationPortraitUpsideDown UIInterfaceOrientationLandscapeLeft UIInterfaceOrientationLandscapeRight";
				INFOPLIST_KEY_UISupportedInterfaceOrientations_iPhone = "UIInterfaceOrientationPortrait UIInterfaceOrientationLandscapeLeft UIInterfaceOrientationLandscapeRight";
				LD_RUNPATH_SEARCH_PATHS = (
					"$(inherited)",
					"@executable_path/Frameworks",
				);
				MARKETING_VERSION = 1.0.0;
				PRODUCT_BUNDLE_IDENTIFIER = "$(APP_BUNDLE_ID)";
				PRODUCT_NAME = "$(APP_NAME)";
				PROVISIONING_PROFILE_SPECIFIER = "match AppStore bside.onthe7.pupsroad";
				SWIFT_EMIT_LOC_STRINGS = YES;
				SWIFT_OBJC_BRIDGING_HEADER = "$(PROJECT_DIR)/KakaoMap-Bridge-Header.h";
				SWIFT_VERSION = 5.0;
				TARGETED_DEVICE_FAMILY = "1,2";
			};
			name = "Release (Stage)";
		};
		371B4028288A2F47008F39ED /* Release (Stage) */ = {
			isa = XCBuildConfiguration;
			baseConfigurationReference = 371B4032288A310F008F39ED /* Stage.xcconfig */;
			buildSettings = {
				ALWAYS_EMBED_SWIFT_STANDARD_LIBRARIES = YES;
				BUNDLE_LOADER = "$(TEST_HOST)";
				CODE_SIGN_STYLE = Automatic;
				CURRENT_PROJECT_VERSION = 1;
				DEVELOPMENT_TEAM = M3KMTD49RM;
				GENERATE_INFOPLIST_FILE = YES;
				IPHONEOS_DEPLOYMENT_TARGET = 15.5;
				MARKETING_VERSION = 1.0;
				PRODUCT_BUNDLE_IDENTIFIER = bside.onthe7.pupsroadTests;
				PRODUCT_NAME = "$(TARGET_NAME)";
				SWIFT_EMIT_LOC_STRINGS = NO;
				SWIFT_VERSION = 5.0;
				TARGETED_DEVICE_FAMILY = "1,2";
				TEST_HOST = "$(BUILT_PRODUCTS_DIR)/pupsroad.app/pupsroad";
			};
			name = "Release (Stage)";
		};
		371B4029288A2F47008F39ED /* Release (Stage) */ = {
			isa = XCBuildConfiguration;
			baseConfigurationReference = 371B4032288A310F008F39ED /* Stage.xcconfig */;
			buildSettings = {
				ALWAYS_EMBED_SWIFT_STANDARD_LIBRARIES = YES;
				CODE_SIGN_STYLE = Automatic;
				CURRENT_PROJECT_VERSION = 1;
				DEVELOPMENT_TEAM = M3KMTD49RM;
				GENERATE_INFOPLIST_FILE = YES;
				MARKETING_VERSION = 1.0;
				PRODUCT_BUNDLE_IDENTIFIER = bside.onthe7.pupsroadUITests;
				PRODUCT_NAME = "$(TARGET_NAME)";
				SWIFT_EMIT_LOC_STRINGS = NO;
				SWIFT_VERSION = 5.0;
				TARGETED_DEVICE_FAMILY = "1,2";
				TEST_TARGET_NAME = pupsroad;
			};
			name = "Release (Stage)";
		};
		371B402A288A2F49008F39ED /* Release (Prod) */ = {
			isa = XCBuildConfiguration;
			baseConfigurationReference = 371B4031288A30FF008F39ED /* Prod.xcconfig */;
			buildSettings = {
				ALWAYS_SEARCH_USER_PATHS = NO;
				CLANG_ANALYZER_NONNULL = YES;
				CLANG_ANALYZER_NUMBER_OBJECT_CONVERSION = YES_AGGRESSIVE;
				CLANG_CXX_LANGUAGE_STANDARD = "gnu++17";
				CLANG_ENABLE_MODULES = YES;
				CLANG_ENABLE_OBJC_ARC = YES;
				CLANG_ENABLE_OBJC_WEAK = YES;
				CLANG_WARN_BLOCK_CAPTURE_AUTORELEASING = YES;
				CLANG_WARN_BOOL_CONVERSION = YES;
				CLANG_WARN_COMMA = YES;
				CLANG_WARN_CONSTANT_CONVERSION = YES;
				CLANG_WARN_DEPRECATED_OBJC_IMPLEMENTATIONS = YES;
				CLANG_WARN_DIRECT_OBJC_ISA_USAGE = YES_ERROR;
				CLANG_WARN_DOCUMENTATION_COMMENTS = YES;
				CLANG_WARN_EMPTY_BODY = YES;
				CLANG_WARN_ENUM_CONVERSION = YES;
				CLANG_WARN_INFINITE_RECURSION = YES;
				CLANG_WARN_INT_CONVERSION = YES;
				CLANG_WARN_NON_LITERAL_NULL_CONVERSION = YES;
				CLANG_WARN_OBJC_IMPLICIT_RETAIN_SELF = YES;
				CLANG_WARN_OBJC_LITERAL_CONVERSION = YES;
				CLANG_WARN_OBJC_ROOT_CLASS = YES_ERROR;
				CLANG_WARN_QUOTED_INCLUDE_IN_FRAMEWORK_HEADER = YES;
				CLANG_WARN_RANGE_LOOP_ANALYSIS = YES;
				CLANG_WARN_STRICT_PROTOTYPES = YES;
				CLANG_WARN_SUSPICIOUS_MOVE = YES;
				CLANG_WARN_UNGUARDED_AVAILABILITY = YES_AGGRESSIVE;
				CLANG_WARN_UNREACHABLE_CODE = YES;
				CLANG_WARN__DUPLICATE_METHOD_MATCH = YES;
				COPY_PHASE_STRIP = NO;
				DEBUG_INFORMATION_FORMAT = "dwarf-with-dsym";
				ENABLE_NS_ASSERTIONS = NO;
				ENABLE_STRICT_OBJC_MSGSEND = YES;
				GCC_C_LANGUAGE_STANDARD = gnu11;
				GCC_NO_COMMON_BLOCKS = YES;
				GCC_WARN_64_TO_32_BIT_CONVERSION = YES;
				GCC_WARN_ABOUT_RETURN_TYPE = YES_ERROR;
				GCC_WARN_UNDECLARED_SELECTOR = YES;
				GCC_WARN_UNINITIALIZED_AUTOS = YES_AGGRESSIVE;
				GCC_WARN_UNUSED_FUNCTION = YES;
				GCC_WARN_UNUSED_VARIABLE = YES;
				IPHONEOS_DEPLOYMENT_TARGET = 15.5;
				MTL_ENABLE_DEBUG_INFO = NO;
				MTL_FAST_MATH = YES;
				SDKROOT = iphoneos;
				SWIFT_COMPILATION_MODE = wholemodule;
				SWIFT_OPTIMIZATION_LEVEL = "-O";
				VALIDATE_PRODUCT = YES;
			};
			name = "Release (Prod)";
		};
		371B402B288A2F49008F39ED /* Release (Prod) */ = {
			isa = XCBuildConfiguration;
			baseConfigurationReference = 371B4031288A30FF008F39ED /* Prod.xcconfig */;
			buildSettings = {
				ASSETCATALOG_COMPILER_APPICON_NAME = AppIcon;
				ASSETCATALOG_COMPILER_GLOBAL_ACCENT_COLOR_NAME = AccentColor;
				CLANG_ENABLE_OBJC_ARC = NO;
				CODE_SIGN_IDENTITY = "iPhone Distribution";
				CODE_SIGN_STYLE = Manual;
				CURRENT_PROJECT_VERSION = 1;
				DEVELOPMENT_TEAM = M3KMTD49RM;
				FRAMEWORK_SEARCH_PATHS = (
					"$(inherited)",
					"$(PROJECT_DIR)/DaumMap.embeddedframework",
				);
				GENERATE_INFOPLIST_FILE = NO;
				INFOPLIST_FILE = "${PROJECT_DIR}/pupsroad/Config/Info.plist";
				INFOPLIST_KEY_UIApplicationSupportsIndirectInputEvents = YES;
				INFOPLIST_KEY_UILaunchStoryboardName = LaunchScreen;
				INFOPLIST_KEY_UISupportedInterfaceOrientations_iPad = "UIInterfaceOrientationPortrait UIInterfaceOrientationPortraitUpsideDown UIInterfaceOrientationLandscapeLeft UIInterfaceOrientationLandscapeRight";
				INFOPLIST_KEY_UISupportedInterfaceOrientations_iPhone = "UIInterfaceOrientationPortrait UIInterfaceOrientationLandscapeLeft UIInterfaceOrientationLandscapeRight";
				LD_RUNPATH_SEARCH_PATHS = (
					"$(inherited)",
					"@executable_path/Frameworks",
				);
				MARKETING_VERSION = 1.0.0;
				PRODUCT_BUNDLE_IDENTIFIER = "$(APP_BUNDLE_ID)";
				PRODUCT_NAME = "$(APP_NAME)";
				PROVISIONING_PROFILE_SPECIFIER = "match AppStore bside.onthe7.pupsroad";
				SWIFT_EMIT_LOC_STRINGS = YES;
				SWIFT_OBJC_BRIDGING_HEADER = "$(PROJECT_DIR)/KakaoMap-Bridge-Header.h";
				SWIFT_VERSION = 5.0;
				TARGETED_DEVICE_FAMILY = "1,2";
			};
			name = "Release (Prod)";
		};
		371B402C288A2F49008F39ED /* Release (Prod) */ = {
			isa = XCBuildConfiguration;
			baseConfigurationReference = 371B4031288A30FF008F39ED /* Prod.xcconfig */;
			buildSettings = {
				ALWAYS_EMBED_SWIFT_STANDARD_LIBRARIES = YES;
				BUNDLE_LOADER = "$(TEST_HOST)";
				CODE_SIGN_STYLE = Automatic;
				CURRENT_PROJECT_VERSION = 1;
				DEVELOPMENT_TEAM = M3KMTD49RM;
				GENERATE_INFOPLIST_FILE = YES;
				IPHONEOS_DEPLOYMENT_TARGET = 15.5;
				MARKETING_VERSION = 1.0;
				PRODUCT_BUNDLE_IDENTIFIER = bside.onthe7.pupsroadTests;
				PRODUCT_NAME = "$(TARGET_NAME)";
				SWIFT_EMIT_LOC_STRINGS = NO;
				SWIFT_VERSION = 5.0;
				TARGETED_DEVICE_FAMILY = "1,2";
				TEST_HOST = "$(BUILT_PRODUCTS_DIR)/pupsroad.app/pupsroad";
			};
			name = "Release (Prod)";
		};
		371B402D288A2F49008F39ED /* Release (Prod) */ = {
			isa = XCBuildConfiguration;
			baseConfigurationReference = 371B4031288A30FF008F39ED /* Prod.xcconfig */;
			buildSettings = {
				ALWAYS_EMBED_SWIFT_STANDARD_LIBRARIES = YES;
				CODE_SIGN_STYLE = Automatic;
				CURRENT_PROJECT_VERSION = 1;
				DEVELOPMENT_TEAM = M3KMTD49RM;
				GENERATE_INFOPLIST_FILE = YES;
				MARKETING_VERSION = 1.0;
				PRODUCT_BUNDLE_IDENTIFIER = bside.onthe7.pupsroadUITests;
				PRODUCT_NAME = "$(TARGET_NAME)";
				SWIFT_EMIT_LOC_STRINGS = NO;
				SWIFT_VERSION = 5.0;
				TARGETED_DEVICE_FAMILY = "1,2";
				TEST_TARGET_NAME = pupsroad;
			};
			name = "Release (Prod)";
		};
/* End XCBuildConfiguration section */

/* Begin XCConfigurationList section */
		371B3FE5288A2763008F39ED /* Build configuration list for PBXProject "pupsroad" */ = {
			isa = XCConfigurationList;
			buildConfigurations = (
				371B4012288A2766008F39ED /* Debug (Dev) */,
				371B4022288A2F45008F39ED /* Debug (Stage) */,
				371B401E288A2F38008F39ED /* Debug (Prod) */,
				371B4013288A2766008F39ED /* Release (Dev) */,
				371B4026288A2F47008F39ED /* Release (Stage) */,
				371B402A288A2F49008F39ED /* Release (Prod) */,
			);
			defaultConfigurationIsVisible = 0;
			defaultConfigurationName = "Release (Dev)";
		};
		371B4014288A2766008F39ED /* Build configuration list for PBXNativeTarget "pupsroad" */ = {
			isa = XCConfigurationList;
			buildConfigurations = (
				371B4015288A2766008F39ED /* Debug (Dev) */,
				371B4023288A2F45008F39ED /* Debug (Stage) */,
				371B401F288A2F38008F39ED /* Debug (Prod) */,
				371B4016288A2766008F39ED /* Release (Dev) */,
				371B4027288A2F47008F39ED /* Release (Stage) */,
				371B402B288A2F49008F39ED /* Release (Prod) */,
			);
			defaultConfigurationIsVisible = 0;
			defaultConfigurationName = "Release (Dev)";
		};
		371B4017288A2766008F39ED /* Build configuration list for PBXNativeTarget "pupsroadTests" */ = {
			isa = XCConfigurationList;
			buildConfigurations = (
				371B4018288A2766008F39ED /* Debug (Dev) */,
				371B4024288A2F45008F39ED /* Debug (Stage) */,
				371B4020288A2F38008F39ED /* Debug (Prod) */,
				371B4019288A2766008F39ED /* Release (Dev) */,
				371B4028288A2F47008F39ED /* Release (Stage) */,
				371B402C288A2F49008F39ED /* Release (Prod) */,
			);
			defaultConfigurationIsVisible = 0;
			defaultConfigurationName = "Release (Dev)";
		};
		371B401A288A2766008F39ED /* Build configuration list for PBXNativeTarget "pupsroadUITests" */ = {
			isa = XCConfigurationList;
			buildConfigurations = (
				371B401B288A2766008F39ED /* Debug (Dev) */,
				371B4025288A2F45008F39ED /* Debug (Stage) */,
				371B4021288A2F38008F39ED /* Debug (Prod) */,
				371B401C288A2766008F39ED /* Release (Dev) */,
				371B4029288A2F47008F39ED /* Release (Stage) */,
				371B402D288A2F49008F39ED /* Release (Prod) */,
			);
			defaultConfigurationIsVisible = 0;
			defaultConfigurationName = "Release (Dev)";
		};
/* End XCConfigurationList section */

/* Begin XCRemoteSwiftPackageReference section */
		37AA42CF288A69DB00E09E72 /* XCRemoteSwiftPackageReference "SnapKit" */ = {
			isa = XCRemoteSwiftPackageReference;
			repositoryURL = "https://github.com/SnapKit/SnapKit";
			requirement = {
				kind = upToNextMajorVersion;
				minimumVersion = 5.0.0;
			};
		};
		37AA42D6288A6B9700E09E72 /* XCRemoteSwiftPackageReference "firebase-ios-sdk" */ = {
			isa = XCRemoteSwiftPackageReference;
			repositoryURL = "https://github.com/firebase/firebase-ios-sdk";
			requirement = {
				kind = upToNextMajorVersion;
				minimumVersion = 9.0.0;
			};
		};
		37AA42DB288A6BEE00E09E72 /* XCRemoteSwiftPackageReference "GoogleSignIn-iOS" */ = {
			isa = XCRemoteSwiftPackageReference;
			repositoryURL = "https://github.com/google/GoogleSignIn-iOS";
			requirement = {
				kind = upToNextMajorVersion;
				minimumVersion = 6.0.0;
			};
		};
		37AA42DC288A6C8D00E09E72 /* XCRemoteSwiftPackageReference "RxSwift" */ = {
			isa = XCRemoteSwiftPackageReference;
			repositoryURL = "https://github.com/ReactiveX/RxSwift.git";
			requirement = {
				kind = upToNextMajorVersion;
				minimumVersion = 6.0.0;
			};
		};
		37D27BAD288E1CE1009F4AD7 /* XCRemoteSwiftPackageReference "kakao-ios-sdk" */ = {
			isa = XCRemoteSwiftPackageReference;
			repositoryURL = "https://github.com/kakao/kakao-ios-sdk";
			requirement = {
				kind = upToNextMajorVersion;
				minimumVersion = 2.0.0;
			};
		};
		37D27BAE288E1D1F009F4AD7 /* XCRemoteSwiftPackageReference "kakao-ios-sdk-rx" */ = {
			isa = XCRemoteSwiftPackageReference;
			repositoryURL = "https://github.com/kakao/kakao-ios-sdk-rx";
			requirement = {
				kind = upToNextMajorVersion;
				minimumVersion = 2.0.0;
			};
		};
/* End XCRemoteSwiftPackageReference section */

/* Begin XCSwiftPackageProductDependency section */
		37AA42DD288A6C8D00E09E72 /* RxCocoa */ = {
			isa = XCSwiftPackageProductDependency;
			package = 37AA42DC288A6C8D00E09E72 /* XCRemoteSwiftPackageReference "RxSwift" */;
			productName = RxCocoa;
		};
		37AA42DF288A6C8D00E09E72 /* RxSwift */ = {
			isa = XCSwiftPackageProductDependency;
			package = 37AA42DC288A6C8D00E09E72 /* XCRemoteSwiftPackageReference "RxSwift" */;
			productName = RxSwift;
		};
		37AA42E2288A709200E09E72 /* SnapKit */ = {
			isa = XCSwiftPackageProductDependency;
			package = 37AA42CF288A69DB00E09E72 /* XCRemoteSwiftPackageReference "SnapKit" */;
			productName = SnapKit;
		};
		37AA42E4288A709700E09E72 /* FirebaseAuth */ = {
			isa = XCSwiftPackageProductDependency;
			package = 37AA42D6288A6B9700E09E72 /* XCRemoteSwiftPackageReference "firebase-ios-sdk" */;
			productName = FirebaseAuth;
		};
		37AA42E6288A709B00E09E72 /* FirebaseAnalytics */ = {
			isa = XCSwiftPackageProductDependency;
			package = 37AA42D6288A6B9700E09E72 /* XCRemoteSwiftPackageReference "firebase-ios-sdk" */;
			productName = FirebaseAnalytics;
		};
		37AA42E8288A70A500E09E72 /* GoogleSignIn */ = {
			isa = XCSwiftPackageProductDependency;
			package = 37AA42DB288A6BEE00E09E72 /* XCRemoteSwiftPackageReference "GoogleSignIn-iOS" */;
			productName = GoogleSignIn;
		};
		37D27BAF288E1E2B009F4AD7 /* KakaoSDK */ = {
			isa = XCSwiftPackageProductDependency;
			package = 37D27BAD288E1CE1009F4AD7 /* XCRemoteSwiftPackageReference "kakao-ios-sdk" */;
			productName = KakaoSDK;
		};
		37D27BB1288E1E2B009F4AD7 /* KakaoSDKAuth */ = {
			isa = XCSwiftPackageProductDependency;
			package = 37D27BAD288E1CE1009F4AD7 /* XCRemoteSwiftPackageReference "kakao-ios-sdk" */;
			productName = KakaoSDKAuth;
		};
		37D27BB3288E1E2B009F4AD7 /* KakaoSDKCommon */ = {
			isa = XCSwiftPackageProductDependency;
			package = 37D27BAD288E1CE1009F4AD7 /* XCRemoteSwiftPackageReference "kakao-ios-sdk" */;
			productName = KakaoSDKCommon;
		};
		37D27BB5288E1E2B009F4AD7 /* RxKakaoSDK */ = {
			isa = XCSwiftPackageProductDependency;
			package = 37D27BAE288E1D1F009F4AD7 /* XCRemoteSwiftPackageReference "kakao-ios-sdk-rx" */;
			productName = RxKakaoSDK;
		};
		37D27BB7288E1E2B009F4AD7 /* RxKakaoSDKAuth */ = {
			isa = XCSwiftPackageProductDependency;
			package = 37D27BAE288E1D1F009F4AD7 /* XCRemoteSwiftPackageReference "kakao-ios-sdk-rx" */;
			productName = RxKakaoSDKAuth;
		};
		37D27BB9288E1E2B009F4AD7 /* RxKakaoSDKCommon */ = {
			isa = XCSwiftPackageProductDependency;
			package = 37D27BAE288E1D1F009F4AD7 /* XCRemoteSwiftPackageReference "kakao-ios-sdk-rx" */;
			productName = RxKakaoSDKCommon;
		};
/* End XCSwiftPackageProductDependency section */
	};
	rootObject = 371B3FE2288A2763008F39ED /* Project object */;
}
