// !$*UTF8*$!
{
	archiveVersion = 1;
	classes = {
	};
	objectVersion = 55;
	objects = {

/* Begin PBXBuildFile section */
		371B3FC52888D044008F39ED /* CoreLocation.framework in Frameworks */ = {isa = PBXBuildFile; fileRef = 371B3FC42888D044008F39ED /* CoreLocation.framework */; };
		371B3FC72888D04A008F39ED /* QuartzCore.framework in Frameworks */ = {isa = PBXBuildFile; fileRef = 371B3FC62888D04A008F39ED /* QuartzCore.framework */; };
		371B3FCB2888D068008F39ED /* libsqlite3.tbd in Frameworks */ = {isa = PBXBuildFile; fileRef = 371B3FCA2888D05D008F39ED /* libsqlite3.tbd */; };
		371B3FCC2888D072008F39ED /* libxml2.tbd in Frameworks */ = {isa = PBXBuildFile; fileRef = 371B3FC92888D057008F39ED /* libxml2.tbd */; };
		371B3FCD2888D079008F39ED /* libc++.tbd in Frameworks */ = {isa = PBXBuildFile; fileRef = 371B3FC82888D051008F39ED /* libc++.tbd */; };
		371B3FCF2888D08A008F39ED /* SystemConfiguration.framework in Frameworks */ = {isa = PBXBuildFile; fileRef = 371B3FCE2888D08A008F39ED /* SystemConfiguration.framework */; };
		371B3FD12888D23D008F39ED /* DaumMap.framework in Frameworks */ = {isa = PBXBuildFile; fileRef = 371B3FD02888D23D008F39ED /* DaumMap.framework */; };
		371B3FD52888D3BE008F39ED /* MainView.swift in Sources */ = {isa = PBXBuildFile; fileRef = 371B3FD42888D3BE008F39ED /* MainView.swift */; };
		371B3FD72888D3DE008F39ED /* LocationTrakingView.swift in Sources */ = {isa = PBXBuildFile; fileRef = 371B3FD62888D3DE008F39ED /* LocationTrakingView.swift */; };
		371B3FDA2888D4E1008F39ED /* Metal.framework in Frameworks */ = {isa = PBXBuildFile; fileRef = 371B3FD92888D4E1008F39ED /* Metal.framework */; };
		371B3FDC2888D629008F39ED /* MapView.swift in Sources */ = {isa = PBXBuildFile; fileRef = 371B3FDB2888D629008F39ED /* MapView.swift */; };
		3799D3152880EA1300584DDA /* pupsroadApp.swift in Sources */ = {isa = PBXBuildFile; fileRef = 3799D3142880EA1300584DDA /* pupsroadApp.swift */; };
		3799D3192880EA1500584DDA /* Assets.xcassets in Resources */ = {isa = PBXBuildFile; fileRef = 3799D3182880EA1500584DDA /* Assets.xcassets */; };
		3799D31C2880EA1500584DDA /* Preview Assets.xcassets in Resources */ = {isa = PBXBuildFile; fileRef = 3799D31B2880EA1500584DDA /* Preview Assets.xcassets */; };
		3799D3262880EA1500584DDA /* pupsroadTests.swift in Sources */ = {isa = PBXBuildFile; fileRef = 3799D3252880EA1500584DDA /* pupsroadTests.swift */; };
		3799D3302880EA1500584DDA /* pupsroadUITests.swift in Sources */ = {isa = PBXBuildFile; fileRef = 3799D32F2880EA1500584DDA /* pupsroadUITests.swift */; };
		3799D3322880EA1500584DDA /* pupsroadUITestsLaunchTests.swift in Sources */ = {isa = PBXBuildFile; fileRef = 3799D3312880EA1500584DDA /* pupsroadUITestsLaunchTests.swift */; };
		3799D33F2880EA6F00584DDA /* LocationViewModel.swift in Sources */ = {isa = PBXBuildFile; fileRef = 3799D33E2880EA6F00584DDA /* LocationViewModel.swift */; };
		38B44F6137D3A562106DDB0B /* Pods_pupsroad.framework in Frameworks */ = {isa = PBXBuildFile; fileRef = 7B0E806ABAD883C094AD2261 /* Pods_pupsroad.framework */; };
		4531BA4E14D87378EF4EDDD5 /* Pods_pupsroadTests.framework in Frameworks */ = {isa = PBXBuildFile; fileRef = A293C6334DF829B2496F627E /* Pods_pupsroadTests.framework */; };
		EAEE71A2B68431F9FE22C41D /* Pods_pupsroad_pupsroadUITests.framework in Frameworks */ = {isa = PBXBuildFile; fileRef = BDB338249AF4C25F9D678BC8 /* Pods_pupsroad_pupsroadUITests.framework */; };
/* End PBXBuildFile section */

/* Begin PBXContainerItemProxy section */
		3799D3222880EA1500584DDA /* PBXContainerItemProxy */ = {
			isa = PBXContainerItemProxy;
			containerPortal = 3799D3092880EA1300584DDA /* Project object */;
			proxyType = 1;
			remoteGlobalIDString = 3799D3102880EA1300584DDA;
			remoteInfo = pupsroad;
		};
		3799D32C2880EA1500584DDA /* PBXContainerItemProxy */ = {
			isa = PBXContainerItemProxy;
			containerPortal = 3799D3092880EA1300584DDA /* Project object */;
			proxyType = 1;
			remoteGlobalIDString = 3799D3102880EA1300584DDA;
			remoteInfo = pupsroad;
		};
/* End PBXContainerItemProxy section */

/* Begin PBXFileReference section */
		1949436BEA71F25596183DB7 /* Pods-pupsroad.release.xcconfig */ = {isa = PBXFileReference; includeInIndex = 1; lastKnownFileType = text.xcconfig; name = "Pods-pupsroad.release.xcconfig"; path = "Target Support Files/Pods-pupsroad/Pods-pupsroad.release.xcconfig"; sourceTree = "<group>"; };
		215B0CA3E94FC9BC6137660B /* Pods-pupsroadTests.release.xcconfig */ = {isa = PBXFileReference; includeInIndex = 1; lastKnownFileType = text.xcconfig; name = "Pods-pupsroadTests.release.xcconfig"; path = "Target Support Files/Pods-pupsroadTests/Pods-pupsroadTests.release.xcconfig"; sourceTree = "<group>"; };
		371B3FC22888D02C008F39ED /* OpenGLES.framework */ = {isa = PBXFileReference; lastKnownFileType = wrapper.framework; name = OpenGLES.framework; path = System/Library/Frameworks/OpenGLES.framework; sourceTree = SDKROOT; };
		371B3FC42888D044008F39ED /* CoreLocation.framework */ = {isa = PBXFileReference; lastKnownFileType = wrapper.framework; name = CoreLocation.framework; path = System/Library/Frameworks/CoreLocation.framework; sourceTree = SDKROOT; };
		371B3FC62888D04A008F39ED /* QuartzCore.framework */ = {isa = PBXFileReference; lastKnownFileType = wrapper.framework; name = QuartzCore.framework; path = System/Library/Frameworks/QuartzCore.framework; sourceTree = SDKROOT; };
		371B3FC82888D051008F39ED /* libc++.tbd */ = {isa = PBXFileReference; lastKnownFileType = "sourcecode.text-based-dylib-definition"; name = "libc++.tbd"; path = "usr/lib/libc++.tbd"; sourceTree = SDKROOT; };
		371B3FC92888D057008F39ED /* libxml2.tbd */ = {isa = PBXFileReference; lastKnownFileType = "sourcecode.text-based-dylib-definition"; name = libxml2.tbd; path = usr/lib/libxml2.tbd; sourceTree = SDKROOT; };
		371B3FCA2888D05D008F39ED /* libsqlite3.tbd */ = {isa = PBXFileReference; lastKnownFileType = "sourcecode.text-based-dylib-definition"; name = libsqlite3.tbd; path = usr/lib/libsqlite3.tbd; sourceTree = SDKROOT; };
		371B3FCE2888D08A008F39ED /* SystemConfiguration.framework */ = {isa = PBXFileReference; lastKnownFileType = wrapper.framework; name = SystemConfiguration.framework; path = System/Library/Frameworks/SystemConfiguration.framework; sourceTree = SDKROOT; };
		371B3FD02888D23D008F39ED /* DaumMap.framework */ = {isa = PBXFileReference; lastKnownFileType = wrapper.framework; name = DaumMap.framework; path = DaumMap.embeddedframework/DaumMap.framework; sourceTree = "<group>"; };
		371B3FD22888D292008F39ED /* pupsroad-Bridging-Header.h */ = {isa = PBXFileReference; lastKnownFileType = sourcecode.c.h; path = "pupsroad-Bridging-Header.h"; sourceTree = "<group>"; };
		371B3FD42888D3BE008F39ED /* MainView.swift */ = {isa = PBXFileReference; lastKnownFileType = sourcecode.swift; path = MainView.swift; sourceTree = "<group>"; };
		371B3FD62888D3DE008F39ED /* LocationTrakingView.swift */ = {isa = PBXFileReference; lastKnownFileType = sourcecode.swift; path = LocationTrakingView.swift; sourceTree = "<group>"; };
		371B3FD92888D4E1008F39ED /* Metal.framework */ = {isa = PBXFileReference; lastKnownFileType = wrapper.framework; name = Metal.framework; path = System/Library/Frameworks/Metal.framework; sourceTree = SDKROOT; };
		371B3FDB2888D629008F39ED /* MapView.swift */ = {isa = PBXFileReference; lastKnownFileType = sourcecode.swift; path = MapView.swift; sourceTree = "<group>"; };
		3799D3112880EA1300584DDA /* pupsroad.app */ = {isa = PBXFileReference; explicitFileType = wrapper.application; includeInIndex = 0; path = pupsroad.app; sourceTree = BUILT_PRODUCTS_DIR; };
		3799D3142880EA1300584DDA /* pupsroadApp.swift */ = {isa = PBXFileReference; lastKnownFileType = sourcecode.swift; path = pupsroadApp.swift; sourceTree = "<group>"; };
		3799D3182880EA1500584DDA /* Assets.xcassets */ = {isa = PBXFileReference; lastKnownFileType = folder.assetcatalog; path = Assets.xcassets; sourceTree = "<group>"; };
		3799D31B2880EA1500584DDA /* Preview Assets.xcassets */ = {isa = PBXFileReference; lastKnownFileType = folder.assetcatalog; path = "Preview Assets.xcassets"; sourceTree = "<group>"; };
		3799D3212880EA1500584DDA /* pupsroadTests.xctest */ = {isa = PBXFileReference; explicitFileType = wrapper.cfbundle; includeInIndex = 0; path = pupsroadTests.xctest; sourceTree = BUILT_PRODUCTS_DIR; };
		3799D3252880EA1500584DDA /* pupsroadTests.swift */ = {isa = PBXFileReference; lastKnownFileType = sourcecode.swift; path = pupsroadTests.swift; sourceTree = "<group>"; };
		3799D32B2880EA1500584DDA /* pupsroadUITests.xctest */ = {isa = PBXFileReference; explicitFileType = wrapper.cfbundle; includeInIndex = 0; path = pupsroadUITests.xctest; sourceTree = BUILT_PRODUCTS_DIR; };
		3799D32F2880EA1500584DDA /* pupsroadUITests.swift */ = {isa = PBXFileReference; lastKnownFileType = sourcecode.swift; path = pupsroadUITests.swift; sourceTree = "<group>"; };
		3799D3312880EA1500584DDA /* pupsroadUITestsLaunchTests.swift */ = {isa = PBXFileReference; lastKnownFileType = sourcecode.swift; path = pupsroadUITestsLaunchTests.swift; sourceTree = "<group>"; };
		3799D33E2880EA6F00584DDA /* LocationViewModel.swift */ = {isa = PBXFileReference; lastKnownFileType = sourcecode.swift; path = LocationViewModel.swift; sourceTree = "<group>"; };
		3799D3402880EAE800584DDA /* Info.plist */ = {isa = PBXFileReference; lastKnownFileType = text.plist; path = Info.plist; sourceTree = "<group>"; };
		739E0E0EF28E3DB5CE831B68 /* Pods-pupsroadTests.debug.xcconfig */ = {isa = PBXFileReference; includeInIndex = 1; lastKnownFileType = text.xcconfig; name = "Pods-pupsroadTests.debug.xcconfig"; path = "Target Support Files/Pods-pupsroadTests/Pods-pupsroadTests.debug.xcconfig"; sourceTree = "<group>"; };
		7B0E806ABAD883C094AD2261 /* Pods_pupsroad.framework */ = {isa = PBXFileReference; explicitFileType = wrapper.framework; includeInIndex = 0; path = Pods_pupsroad.framework; sourceTree = BUILT_PRODUCTS_DIR; };
		978FBCFABE435ECCD0CB23E2 /* Pods-pupsroad-pupsroadUITests.release.xcconfig */ = {isa = PBXFileReference; includeInIndex = 1; lastKnownFileType = text.xcconfig; name = "Pods-pupsroad-pupsroadUITests.release.xcconfig"; path = "Target Support Files/Pods-pupsroad-pupsroadUITests/Pods-pupsroad-pupsroadUITests.release.xcconfig"; sourceTree = "<group>"; };
		A293C6334DF829B2496F627E /* Pods_pupsroadTests.framework */ = {isa = PBXFileReference; explicitFileType = wrapper.framework; includeInIndex = 0; path = Pods_pupsroadTests.framework; sourceTree = BUILT_PRODUCTS_DIR; };
		A7F998B26082CE72337A3D24 /* Pods-pupsroad-pupsroadUITests.debug.xcconfig */ = {isa = PBXFileReference; includeInIndex = 1; lastKnownFileType = text.xcconfig; name = "Pods-pupsroad-pupsroadUITests.debug.xcconfig"; path = "Target Support Files/Pods-pupsroad-pupsroadUITests/Pods-pupsroad-pupsroadUITests.debug.xcconfig"; sourceTree = "<group>"; };
		B0382877DA08FE7C56E0A92A /* Pods-pupsroad.debug.xcconfig */ = {isa = PBXFileReference; includeInIndex = 1; lastKnownFileType = text.xcconfig; name = "Pods-pupsroad.debug.xcconfig"; path = "Target Support Files/Pods-pupsroad/Pods-pupsroad.debug.xcconfig"; sourceTree = "<group>"; };
		BDB338249AF4C25F9D678BC8 /* Pods_pupsroad_pupsroadUITests.framework */ = {isa = PBXFileReference; explicitFileType = wrapper.framework; includeInIndex = 0; path = Pods_pupsroad_pupsroadUITests.framework; sourceTree = BUILT_PRODUCTS_DIR; };
/* End PBXFileReference section */

/* Begin PBXFrameworksBuildPhase section */
		3799D30E2880EA1300584DDA /* Frameworks */ = {
			isa = PBXFrameworksBuildPhase;
			buildActionMask = 2147483647;
			files = (
				371B3FCB2888D068008F39ED /* libsqlite3.tbd in Frameworks */,
				371B3FCF2888D08A008F39ED /* SystemConfiguration.framework in Frameworks */,
				371B3FDA2888D4E1008F39ED /* Metal.framework in Frameworks */,
				371B3FC72888D04A008F39ED /* QuartzCore.framework in Frameworks */,
				371B3FCD2888D079008F39ED /* libc++.tbd in Frameworks */,
				371B3FC52888D044008F39ED /* CoreLocation.framework in Frameworks */,
				371B3FCC2888D072008F39ED /* libxml2.tbd in Frameworks */,
				38B44F6137D3A562106DDB0B /* Pods_pupsroad.framework in Frameworks */,
				371B3FD12888D23D008F39ED /* DaumMap.framework in Frameworks */,
			);
			runOnlyForDeploymentPostprocessing = 0;
		};
		3799D31E2880EA1500584DDA /* Frameworks */ = {
			isa = PBXFrameworksBuildPhase;
			buildActionMask = 2147483647;
			files = (
				4531BA4E14D87378EF4EDDD5 /* Pods_pupsroadTests.framework in Frameworks */,
			);
			runOnlyForDeploymentPostprocessing = 0;
		};
		3799D3282880EA1500584DDA /* Frameworks */ = {
			isa = PBXFrameworksBuildPhase;
			buildActionMask = 2147483647;
			files = (
				EAEE71A2B68431F9FE22C41D /* Pods_pupsroad_pupsroadUITests.framework in Frameworks */,
			);
			runOnlyForDeploymentPostprocessing = 0;
		};
/* End PBXFrameworksBuildPhase section */

/* Begin PBXGroup section */
		371B3FD32888D350008F39ED /* View */ = {
			isa = PBXGroup;
			children = (
				371B3FD42888D3BE008F39ED /* MainView.swift */,
				371B3FD62888D3DE008F39ED /* LocationTrakingView.swift */,
				371B3FDB2888D629008F39ED /* MapView.swift */,
			);
			path = View;
			sourceTree = "<group>";
		};
		371B3FD82888D436008F39ED /* ViewModel */ = {
			isa = PBXGroup;
			children = (
				3799D33E2880EA6F00584DDA /* LocationViewModel.swift */,
			);
			path = ViewModel;
			sourceTree = "<group>";
		};
		3799D3082880EA1200584DDA = {
			isa = PBXGroup;
			children = (
				371B3FD22888D292008F39ED /* pupsroad-Bridging-Header.h */,
				3799D3132880EA1300584DDA /* pupsroad */,
				3799D3242880EA1500584DDA /* pupsroadTests */,
				3799D32E2880EA1500584DDA /* pupsroadUITests */,
				3799D3122880EA1300584DDA /* Products */,
				F9B3AFEBCC0FEB88D376A2F4 /* Pods */,
				E54850D3ED3AB6B29DE7F618 /* Frameworks */,
			);
			sourceTree = "<group>";
		};
		3799D3122880EA1300584DDA /* Products */ = {
			isa = PBXGroup;
			children = (
				3799D3112880EA1300584DDA /* pupsroad.app */,
				3799D3212880EA1500584DDA /* pupsroadTests.xctest */,
				3799D32B2880EA1500584DDA /* pupsroadUITests.xctest */,
			);
			name = Products;
			sourceTree = "<group>";
		};
		3799D3132880EA1300584DDA /* pupsroad */ = {
			isa = PBXGroup;
			children = (
				371B3FD82888D436008F39ED /* ViewModel */,
				371B3FD32888D350008F39ED /* View */,
				3799D3402880EAE800584DDA /* Info.plist */,
				3799D3142880EA1300584DDA /* pupsroadApp.swift */,
				3799D3182880EA1500584DDA /* Assets.xcassets */,
				3799D31A2880EA1500584DDA /* Preview Content */,
			);
			path = pupsroad;
			sourceTree = "<group>";
		};
		3799D31A2880EA1500584DDA /* Preview Content */ = {
			isa = PBXGroup;
			children = (
				3799D31B2880EA1500584DDA /* Preview Assets.xcassets */,
			);
			path = "Preview Content";
			sourceTree = "<group>";
		};
		3799D3242880EA1500584DDA /* pupsroadTests */ = {
			isa = PBXGroup;
			children = (
				3799D3252880EA1500584DDA /* pupsroadTests.swift */,
			);
			path = pupsroadTests;
			sourceTree = "<group>";
		};
		3799D32E2880EA1500584DDA /* pupsroadUITests */ = {
			isa = PBXGroup;
			children = (
				3799D32F2880EA1500584DDA /* pupsroadUITests.swift */,
				3799D3312880EA1500584DDA /* pupsroadUITestsLaunchTests.swift */,
			);
			path = pupsroadUITests;
			sourceTree = "<group>";
		};
		E54850D3ED3AB6B29DE7F618 /* Frameworks */ = {
			isa = PBXGroup;
			children = (
				371B3FD92888D4E1008F39ED /* Metal.framework */,
				371B3FD02888D23D008F39ED /* DaumMap.framework */,
				371B3FCE2888D08A008F39ED /* SystemConfiguration.framework */,
				371B3FCA2888D05D008F39ED /* libsqlite3.tbd */,
				371B3FC92888D057008F39ED /* libxml2.tbd */,
				371B3FC82888D051008F39ED /* libc++.tbd */,
				371B3FC62888D04A008F39ED /* QuartzCore.framework */,
				371B3FC42888D044008F39ED /* CoreLocation.framework */,
				371B3FC22888D02C008F39ED /* OpenGLES.framework */,
				7B0E806ABAD883C094AD2261 /* Pods_pupsroad.framework */,
				BDB338249AF4C25F9D678BC8 /* Pods_pupsroad_pupsroadUITests.framework */,
				A293C6334DF829B2496F627E /* Pods_pupsroadTests.framework */,
			);
			name = Frameworks;
			sourceTree = "<group>";
		};
		F9B3AFEBCC0FEB88D376A2F4 /* Pods */ = {
			isa = PBXGroup;
			children = (
				B0382877DA08FE7C56E0A92A /* Pods-pupsroad.debug.xcconfig */,
				1949436BEA71F25596183DB7 /* Pods-pupsroad.release.xcconfig */,
				A7F998B26082CE72337A3D24 /* Pods-pupsroad-pupsroadUITests.debug.xcconfig */,
				978FBCFABE435ECCD0CB23E2 /* Pods-pupsroad-pupsroadUITests.release.xcconfig */,
				739E0E0EF28E3DB5CE831B68 /* Pods-pupsroadTests.debug.xcconfig */,
				215B0CA3E94FC9BC6137660B /* Pods-pupsroadTests.release.xcconfig */,
			);
			path = Pods;
			sourceTree = "<group>";
		};
/* End PBXGroup section */

/* Begin PBXNativeTarget section */
		3799D3102880EA1300584DDA /* pupsroad */ = {
			isa = PBXNativeTarget;
			buildConfigurationList = 3799D3352880EA1500584DDA /* Build configuration list for PBXNativeTarget "pupsroad" */;
			buildPhases = (
				91E2C05A20B55CE1723E9A1D /* [CP] Check Pods Manifest.lock */,
				3799D30D2880EA1300584DDA /* Sources */,
				3799D30E2880EA1300584DDA /* Frameworks */,
				3799D30F2880EA1300584DDA /* Resources */,
			);
			buildRules = (
			);
			dependencies = (
			);
			name = pupsroad;
			productName = pupsroad;
			productReference = 3799D3112880EA1300584DDA /* pupsroad.app */;
			productType = "com.apple.product-type.application";
		};
		3799D3202880EA1500584DDA /* pupsroadTests */ = {
			isa = PBXNativeTarget;
			buildConfigurationList = 3799D3382880EA1500584DDA /* Build configuration list for PBXNativeTarget "pupsroadTests" */;
			buildPhases = (
				D519B47FA91370BDA0285DAB /* [CP] Check Pods Manifest.lock */,
				3799D31D2880EA1500584DDA /* Sources */,
				3799D31E2880EA1500584DDA /* Frameworks */,
				3799D31F2880EA1500584DDA /* Resources */,
			);
			buildRules = (
			);
			dependencies = (
				3799D3232880EA1500584DDA /* PBXTargetDependency */,
			);
			name = pupsroadTests;
			productName = pupsroadTests;
			productReference = 3799D3212880EA1500584DDA /* pupsroadTests.xctest */;
			productType = "com.apple.product-type.bundle.unit-test";
		};
		3799D32A2880EA1500584DDA /* pupsroadUITests */ = {
			isa = PBXNativeTarget;
			buildConfigurationList = 3799D33B2880EA1500584DDA /* Build configuration list for PBXNativeTarget "pupsroadUITests" */;
			buildPhases = (
				19D3F810D7F4BB57A8D30C4B /* [CP] Check Pods Manifest.lock */,
				3799D3272880EA1500584DDA /* Sources */,
				3799D3282880EA1500584DDA /* Frameworks */,
				3799D3292880EA1500584DDA /* Resources */,
			);
			buildRules = (
			);
			dependencies = (
				3799D32D2880EA1500584DDA /* PBXTargetDependency */,
			);
			name = pupsroadUITests;
			productName = pupsroadUITests;
			productReference = 3799D32B2880EA1500584DDA /* pupsroadUITests.xctest */;
			productType = "com.apple.product-type.bundle.ui-testing";
		};
/* End PBXNativeTarget section */

/* Begin PBXProject section */
		3799D3092880EA1300584DDA /* Project object */ = {
			isa = PBXProject;
			attributes = {
				BuildIndependentTargetsInParallel = 1;
				LastSwiftUpdateCheck = 1340;
				LastUpgradeCheck = 1340;
				TargetAttributes = {
					3799D3102880EA1300584DDA = {
						CreatedOnToolsVersion = 13.4.1;
					};
					3799D3202880EA1500584DDA = {
						CreatedOnToolsVersion = 13.4.1;
						TestTargetID = 3799D3102880EA1300584DDA;
					};
					3799D32A2880EA1500584DDA = {
						CreatedOnToolsVersion = 13.4.1;
						TestTargetID = 3799D3102880EA1300584DDA;
					};
				};
			};
			buildConfigurationList = 3799D30C2880EA1300584DDA /* Build configuration list for PBXProject "pupsroad" */;
			compatibilityVersion = "Xcode 13.0";
			developmentRegion = en;
			hasScannedForEncodings = 0;
			knownRegions = (
				en,
				Base,
			);
			mainGroup = 3799D3082880EA1200584DDA;
			productRefGroup = 3799D3122880EA1300584DDA /* Products */;
			projectDirPath = "";
			projectRoot = "";
			targets = (
				3799D3102880EA1300584DDA /* pupsroad */,
				3799D3202880EA1500584DDA /* pupsroadTests */,
				3799D32A2880EA1500584DDA /* pupsroadUITests */,
			);
		};
/* End PBXProject section */

/* Begin PBXResourcesBuildPhase section */
		3799D30F2880EA1300584DDA /* Resources */ = {
			isa = PBXResourcesBuildPhase;
			buildActionMask = 2147483647;
			files = (
				3799D31C2880EA1500584DDA /* Preview Assets.xcassets in Resources */,
				3799D3192880EA1500584DDA /* Assets.xcassets in Resources */,
			);
			runOnlyForDeploymentPostprocessing = 0;
		};
		3799D31F2880EA1500584DDA /* Resources */ = {
			isa = PBXResourcesBuildPhase;
			buildActionMask = 2147483647;
			files = (
			);
			runOnlyForDeploymentPostprocessing = 0;
		};
		3799D3292880EA1500584DDA /* Resources */ = {
			isa = PBXResourcesBuildPhase;
			buildActionMask = 2147483647;
			files = (
			);
			runOnlyForDeploymentPostprocessing = 0;
		};
/* End PBXResourcesBuildPhase section */

/* Begin PBXShellScriptBuildPhase section */
		19D3F810D7F4BB57A8D30C4B /* [CP] Check Pods Manifest.lock */ = {
			isa = PBXShellScriptBuildPhase;
			buildActionMask = 2147483647;
			files = (
			);
			inputFileListPaths = (
			);
			inputPaths = (
				"${PODS_PODFILE_DIR_PATH}/Podfile.lock",
				"${PODS_ROOT}/Manifest.lock",
			);
			name = "[CP] Check Pods Manifest.lock";
			outputFileListPaths = (
			);
			outputPaths = (
				"$(DERIVED_FILE_DIR)/Pods-pupsroad-pupsroadUITests-checkManifestLockResult.txt",
			);
			runOnlyForDeploymentPostprocessing = 0;
			shellPath = /bin/sh;
			shellScript = "diff \"${PODS_PODFILE_DIR_PATH}/Podfile.lock\" \"${PODS_ROOT}/Manifest.lock\" > /dev/null\nif [ $? != 0 ] ; then\n    # print error to STDERR\n    echo \"error: The sandbox is not in sync with the Podfile.lock. Run 'pod install' or update your CocoaPods installation.\" >&2\n    exit 1\nfi\n# This output is used by Xcode 'outputs' to avoid re-running this script phase.\necho \"SUCCESS\" > \"${SCRIPT_OUTPUT_FILE_0}\"\n";
			showEnvVarsInLog = 0;
		};
		91E2C05A20B55CE1723E9A1D /* [CP] Check Pods Manifest.lock */ = {
			isa = PBXShellScriptBuildPhase;
			buildActionMask = 2147483647;
			files = (
			);
			inputFileListPaths = (
			);
			inputPaths = (
				"${PODS_PODFILE_DIR_PATH}/Podfile.lock",
				"${PODS_ROOT}/Manifest.lock",
			);
			name = "[CP] Check Pods Manifest.lock";
			outputFileListPaths = (
			);
			outputPaths = (
				"$(DERIVED_FILE_DIR)/Pods-pupsroad-checkManifestLockResult.txt",
			);
			runOnlyForDeploymentPostprocessing = 0;
			shellPath = /bin/sh;
			shellScript = "diff \"${PODS_PODFILE_DIR_PATH}/Podfile.lock\" \"${PODS_ROOT}/Manifest.lock\" > /dev/null\nif [ $? != 0 ] ; then\n    # print error to STDERR\n    echo \"error: The sandbox is not in sync with the Podfile.lock. Run 'pod install' or update your CocoaPods installation.\" >&2\n    exit 1\nfi\n# This output is used by Xcode 'outputs' to avoid re-running this script phase.\necho \"SUCCESS\" > \"${SCRIPT_OUTPUT_FILE_0}\"\n";
			showEnvVarsInLog = 0;
		};
		D519B47FA91370BDA0285DAB /* [CP] Check Pods Manifest.lock */ = {
			isa = PBXShellScriptBuildPhase;
			buildActionMask = 2147483647;
			files = (
			);
			inputFileListPaths = (
			);
			inputPaths = (
				"${PODS_PODFILE_DIR_PATH}/Podfile.lock",
				"${PODS_ROOT}/Manifest.lock",
			);
			name = "[CP] Check Pods Manifest.lock";
			outputFileListPaths = (
			);
			outputPaths = (
				"$(DERIVED_FILE_DIR)/Pods-pupsroadTests-checkManifestLockResult.txt",
			);
			runOnlyForDeploymentPostprocessing = 0;
			shellPath = /bin/sh;
			shellScript = "diff \"${PODS_PODFILE_DIR_PATH}/Podfile.lock\" \"${PODS_ROOT}/Manifest.lock\" > /dev/null\nif [ $? != 0 ] ; then\n    # print error to STDERR\n    echo \"error: The sandbox is not in sync with the Podfile.lock. Run 'pod install' or update your CocoaPods installation.\" >&2\n    exit 1\nfi\n# This output is used by Xcode 'outputs' to avoid re-running this script phase.\necho \"SUCCESS\" > \"${SCRIPT_OUTPUT_FILE_0}\"\n";
			showEnvVarsInLog = 0;
		};
/* End PBXShellScriptBuildPhase section */

/* Begin PBXSourcesBuildPhase section */
		3799D30D2880EA1300584DDA /* Sources */ = {
			isa = PBXSourcesBuildPhase;
			buildActionMask = 2147483647;
			files = (
				371B3FD72888D3DE008F39ED /* LocationTrakingView.swift in Sources */,
				371B3FD52888D3BE008F39ED /* MainView.swift in Sources */,
				371B3FDC2888D629008F39ED /* MapView.swift in Sources */,
				3799D33F2880EA6F00584DDA /* LocationViewModel.swift in Sources */,
				3799D3152880EA1300584DDA /* pupsroadApp.swift in Sources */,
			);
			runOnlyForDeploymentPostprocessing = 0;
		};
		3799D31D2880EA1500584DDA /* Sources */ = {
			isa = PBXSourcesBuildPhase;
			buildActionMask = 2147483647;
			files = (
				3799D3262880EA1500584DDA /* pupsroadTests.swift in Sources */,
			);
			runOnlyForDeploymentPostprocessing = 0;
		};
		3799D3272880EA1500584DDA /* Sources */ = {
			isa = PBXSourcesBuildPhase;
			buildActionMask = 2147483647;
			files = (
				3799D3322880EA1500584DDA /* pupsroadUITestsLaunchTests.swift in Sources */,
				3799D3302880EA1500584DDA /* pupsroadUITests.swift in Sources */,
			);
			runOnlyForDeploymentPostprocessing = 0;
		};
/* End PBXSourcesBuildPhase section */

/* Begin PBXTargetDependency section */
		3799D3232880EA1500584DDA /* PBXTargetDependency */ = {
			isa = PBXTargetDependency;
			target = 3799D3102880EA1300584DDA /* pupsroad */;
			targetProxy = 3799D3222880EA1500584DDA /* PBXContainerItemProxy */;
		};
		3799D32D2880EA1500584DDA /* PBXTargetDependency */ = {
			isa = PBXTargetDependency;
			target = 3799D3102880EA1300584DDA /* pupsroad */;
			targetProxy = 3799D32C2880EA1500584DDA /* PBXContainerItemProxy */;
		};
/* End PBXTargetDependency section */

/* Begin XCBuildConfiguration section */
		3799D3332880EA1500584DDA /* Debug */ = {
			isa = XCBuildConfiguration;
			buildSettings = {
				ALWAYS_SEARCH_USER_PATHS = NO;
				CLANG_ANALYZER_NONNULL = YES;
				CLANG_ANALYZER_NUMBER_OBJECT_CONVERSION = YES_AGGRESSIVE;
				CLANG_CXX_LANGUAGE_STANDARD = "gnu++17";
				CLANG_ENABLE_MODULES = YES;
				CLANG_ENABLE_OBJC_ARC = YES;
				CLANG_ENABLE_OBJC_WEAK = YES;
				CLANG_WARN_BLOCK_CAPTURE_AUTORELEASING = YES;
				CLANG_WARN_BOOL_CONVERSION = YES;
				CLANG_WARN_COMMA = YES;
				CLANG_WARN_CONSTANT_CONVERSION = YES;
				CLANG_WARN_DEPRECATED_OBJC_IMPLEMENTATIONS = YES;
				CLANG_WARN_DIRECT_OBJC_ISA_USAGE = YES_ERROR;
				CLANG_WARN_DOCUMENTATION_COMMENTS = YES;
				CLANG_WARN_EMPTY_BODY = YES;
				CLANG_WARN_ENUM_CONVERSION = YES;
				CLANG_WARN_INFINITE_RECURSION = YES;
				CLANG_WARN_INT_CONVERSION = YES;
				CLANG_WARN_NON_LITERAL_NULL_CONVERSION = YES;
				CLANG_WARN_OBJC_IMPLICIT_RETAIN_SELF = YES;
				CLANG_WARN_OBJC_LITERAL_CONVERSION = YES;
				CLANG_WARN_OBJC_ROOT_CLASS = YES_ERROR;
				CLANG_WARN_QUOTED_INCLUDE_IN_FRAMEWORK_HEADER = YES;
				CLANG_WARN_RANGE_LOOP_ANALYSIS = YES;
				CLANG_WARN_STRICT_PROTOTYPES = YES;
				CLANG_WARN_SUSPICIOUS_MOVE = YES;
				CLANG_WARN_UNGUARDED_AVAILABILITY = YES_AGGRESSIVE;
				CLANG_WARN_UNREACHABLE_CODE = YES;
				CLANG_WARN__DUPLICATE_METHOD_MATCH = YES;
				COPY_PHASE_STRIP = NO;
				DEBUG_INFORMATION_FORMAT = dwarf;
				ENABLE_STRICT_OBJC_MSGSEND = YES;
				ENABLE_TESTABILITY = YES;
				GCC_C_LANGUAGE_STANDARD = gnu11;
				GCC_DYNAMIC_NO_PIC = NO;
				GCC_NO_COMMON_BLOCKS = YES;
				GCC_OPTIMIZATION_LEVEL = 0;
				GCC_PREPROCESSOR_DEFINITIONS = (
					"DEBUG=1",
					"$(inherited)",
				);
				GCC_WARN_64_TO_32_BIT_CONVERSION = YES;
				GCC_WARN_ABOUT_RETURN_TYPE = YES_ERROR;
				GCC_WARN_UNDECLARED_SELECTOR = YES;
				GCC_WARN_UNINITIALIZED_AUTOS = YES_AGGRESSIVE;
				GCC_WARN_UNUSED_FUNCTION = YES;
				GCC_WARN_UNUSED_VARIABLE = YES;
				IPHONEOS_DEPLOYMENT_TARGET = 15.5;
				MTL_ENABLE_DEBUG_INFO = INCLUDE_SOURCE;
				MTL_FAST_MATH = YES;
				ONLY_ACTIVE_ARCH = YES;
				SDKROOT = iphoneos;
				SWIFT_ACTIVE_COMPILATION_CONDITIONS = DEBUG;
				SWIFT_OPTIMIZATION_LEVEL = "-Onone";
			};
			name = Debug;
		};
		3799D3342880EA1500584DDA /* Release */ = {
			isa = XCBuildConfiguration;
			buildSettings = {
				ALWAYS_SEARCH_USER_PATHS = NO;
				CLANG_ANALYZER_NONNULL = YES;
				CLANG_ANALYZER_NUMBER_OBJECT_CONVERSION = YES_AGGRESSIVE;
				CLANG_CXX_LANGUAGE_STANDARD = "gnu++17";
				CLANG_ENABLE_MODULES = YES;
				CLANG_ENABLE_OBJC_ARC = YES;
				CLANG_ENABLE_OBJC_WEAK = YES;
				CLANG_WARN_BLOCK_CAPTURE_AUTORELEASING = YES;
				CLANG_WARN_BOOL_CONVERSION = YES;
				CLANG_WARN_COMMA = YES;
				CLANG_WARN_CONSTANT_CONVERSION = YES;
				CLANG_WARN_DEPRECATED_OBJC_IMPLEMENTATIONS = YES;
				CLANG_WARN_DIRECT_OBJC_ISA_USAGE = YES_ERROR;
				CLANG_WARN_DOCUMENTATION_COMMENTS = YES;
				CLANG_WARN_EMPTY_BODY = YES;
				CLANG_WARN_ENUM_CONVERSION = YES;
				CLANG_WARN_INFINITE_RECURSION = YES;
				CLANG_WARN_INT_CONVERSION = YES;
				CLANG_WARN_NON_LITERAL_NULL_CONVERSION = YES;
				CLANG_WARN_OBJC_IMPLICIT_RETAIN_SELF = YES;
				CLANG_WARN_OBJC_LITERAL_CONVERSION = YES;
				CLANG_WARN_OBJC_ROOT_CLASS = YES_ERROR;
				CLANG_WARN_QUOTED_INCLUDE_IN_FRAMEWORK_HEADER = YES;
				CLANG_WARN_RANGE_LOOP_ANALYSIS = YES;
				CLANG_WARN_STRICT_PROTOTYPES = YES;
				CLANG_WARN_SUSPICIOUS_MOVE = YES;
				CLANG_WARN_UNGUARDED_AVAILABILITY = YES_AGGRESSIVE;
				CLANG_WARN_UNREACHABLE_CODE = YES;
				CLANG_WARN__DUPLICATE_METHOD_MATCH = YES;
				COPY_PHASE_STRIP = NO;
				DEBUG_INFORMATION_FORMAT = "dwarf-with-dsym";
				ENABLE_NS_ASSERTIONS = NO;
				ENABLE_STRICT_OBJC_MSGSEND = YES;
				GCC_C_LANGUAGE_STANDARD = gnu11;
				GCC_NO_COMMON_BLOCKS = YES;
				GCC_WARN_64_TO_32_BIT_CONVERSION = YES;
				GCC_WARN_ABOUT_RETURN_TYPE = YES_ERROR;
				GCC_WARN_UNDECLARED_SELECTOR = YES;
				GCC_WARN_UNINITIALIZED_AUTOS = YES_AGGRESSIVE;
				GCC_WARN_UNUSED_FUNCTION = YES;
				GCC_WARN_UNUSED_VARIABLE = YES;
				IPHONEOS_DEPLOYMENT_TARGET = 15.5;
				MTL_ENABLE_DEBUG_INFO = NO;
				MTL_FAST_MATH = YES;
				SDKROOT = iphoneos;
				SWIFT_COMPILATION_MODE = wholemodule;
				SWIFT_OPTIMIZATION_LEVEL = "-O";
				VALIDATE_PRODUCT = YES;
			};
			name = Release;
		};
		3799D3362880EA1500584DDA /* Debug */ = {
			isa = XCBuildConfiguration;
			baseConfigurationReference = B0382877DA08FE7C56E0A92A /* Pods-pupsroad.debug.xcconfig */;
			buildSettings = {
				ASSETCATALOG_COMPILER_APPICON_NAME = AppIcon;
				ASSETCATALOG_COMPILER_GLOBAL_ACCENT_COLOR_NAME = AccentColor;
				CLANG_ENABLE_OBJC_ARC = NO;
				CODE_SIGN_STYLE = Automatic;
				CURRENT_PROJECT_VERSION = 1;
				DEVELOPMENT_ASSET_PATHS = "\"pupsroad/Preview Content\"";
				DEVELOPMENT_TEAM = M3KMTD49RM;
				ENABLE_PREVIEWS = YES;
				FRAMEWORK_SEARCH_PATHS = (
					"$(inherited)",
					"$(PROJECT_DIR)/DaumMap.embeddedframework",
				);
				GENERATE_INFOPLIST_FILE = YES;
				INFOPLIST_FILE = pupsroad/Info.plist;
				INFOPLIST_KEY_UIApplicationSceneManifest_Generation = YES;
				INFOPLIST_KEY_UIApplicationSupportsIndirectInputEvents = YES;
				INFOPLIST_KEY_UILaunchScreen_Generation = YES;
				INFOPLIST_KEY_UISupportedInterfaceOrientations_iPad = "UIInterfaceOrientationPortrait UIInterfaceOrientationPortraitUpsideDown UIInterfaceOrientationLandscapeLeft UIInterfaceOrientationLandscapeRight";
				INFOPLIST_KEY_UISupportedInterfaceOrientations_iPhone = "UIInterfaceOrientationPortrait UIInterfaceOrientationLandscapeLeft UIInterfaceOrientationLandscapeRight";
				LD_RUNPATH_SEARCH_PATHS = (
					"$(inherited)",
					"@executable_path/Frameworks",
				);
				MARKETING_VERSION = 1.0.0;
				PRODUCT_BUNDLE_IDENTIFIER = bside.onthe7.pupsroad;
				PRODUCT_NAME = "$(TARGET_NAME)";
				SWIFT_EMIT_LOC_STRINGS = YES;
				SWIFT_OBJC_BRIDGING_HEADER = "$(PROJECT_DIR)/pupsroad-Bridging-Header.h";
				SWIFT_VERSION = 5.0;
				TARGETED_DEVICE_FAMILY = "1,2";
			};
			name = Debug;
		};
		3799D3372880EA1500584DDA /* Release */ = {
			isa = XCBuildConfiguration;
			baseConfigurationReference = 1949436BEA71F25596183DB7 /* Pods-pupsroad.release.xcconfig */;
			buildSettings = {
				ASSETCATALOG_COMPILER_APPICON_NAME = AppIcon;
				ASSETCATALOG_COMPILER_GLOBAL_ACCENT_COLOR_NAME = AccentColor;
				CLANG_ENABLE_OBJC_ARC = NO;
				CODE_SIGN_STYLE = Automatic;
				CURRENT_PROJECT_VERSION = 1;
				DEVELOPMENT_ASSET_PATHS = "\"pupsroad/Preview Content\"";
				DEVELOPMENT_TEAM = M3KMTD49RM;
				ENABLE_PREVIEWS = YES;
				FRAMEWORK_SEARCH_PATHS = (
					"$(inherited)",
					"$(PROJECT_DIR)/DaumMap.embeddedframework",
				);
				GENERATE_INFOPLIST_FILE = YES;
				INFOPLIST_FILE = pupsroad/Info.plist;
				INFOPLIST_KEY_UIApplicationSceneManifest_Generation = YES;
				INFOPLIST_KEY_UIApplicationSupportsIndirectInputEvents = YES;
				INFOPLIST_KEY_UILaunchScreen_Generation = YES;
				INFOPLIST_KEY_UISupportedInterfaceOrientations_iPad = "UIInterfaceOrientationPortrait UIInterfaceOrientationPortraitUpsideDown UIInterfaceOrientationLandscapeLeft UIInterfaceOrientationLandscapeRight";
				INFOPLIST_KEY_UISupportedInterfaceOrientations_iPhone = "UIInterfaceOrientationPortrait UIInterfaceOrientationLandscapeLeft UIInterfaceOrientationLandscapeRight";
				LD_RUNPATH_SEARCH_PATHS = (
					"$(inherited)",
					"@executable_path/Frameworks",
				);
				MARKETING_VERSION = 1.0.0;
				PRODUCT_BUNDLE_IDENTIFIER = bside.onthe7.pupsroad;
				PRODUCT_NAME = "$(TARGET_NAME)";
				SWIFT_EMIT_LOC_STRINGS = YES;
				SWIFT_OBJC_BRIDGING_HEADER = "$(PROJECT_DIR)/pupsroad-Bridging-Header.h";
				SWIFT_VERSION = 5.0;
				TARGETED_DEVICE_FAMILY = "1,2";
			};
			name = Release;
		};
		3799D3392880EA1500584DDA /* Debug */ = {
			isa = XCBuildConfiguration;
			baseConfigurationReference = 739E0E0EF28E3DB5CE831B68 /* Pods-pupsroadTests.debug.xcconfig */;
			buildSettings = {
				ALWAYS_EMBED_SWIFT_STANDARD_LIBRARIES = YES;
				BUNDLE_LOADER = "$(TEST_HOST)";
				CODE_SIGN_STYLE = Automatic;
				CURRENT_PROJECT_VERSION = 1;
				DEVELOPMENT_TEAM = M3KMTD49RM;
				GENERATE_INFOPLIST_FILE = YES;
				IPHONEOS_DEPLOYMENT_TARGET = 15.5;
				MARKETING_VERSION = 1.0;
				PRODUCT_BUNDLE_IDENTIFIER = bside.onthe7.pupsroadTests;
				PRODUCT_NAME = "$(TARGET_NAME)";
				SWIFT_EMIT_LOC_STRINGS = NO;
				SWIFT_VERSION = 5.0;
				TARGETED_DEVICE_FAMILY = "1,2";
				TEST_HOST = "$(BUILT_PRODUCTS_DIR)/pupsroad.app/pupsroad";
			};
			name = Debug;
		};
		3799D33A2880EA1500584DDA /* Release */ = {
			isa = XCBuildConfiguration;
			baseConfigurationReference = 215B0CA3E94FC9BC6137660B /* Pods-pupsroadTests.release.xcconfig */;
			buildSettings = {
				ALWAYS_EMBED_SWIFT_STANDARD_LIBRARIES = YES;
				BUNDLE_LOADER = "$(TEST_HOST)";
				CODE_SIGN_STYLE = Automatic;
				CURRENT_PROJECT_VERSION = 1;
				DEVELOPMENT_TEAM = M3KMTD49RM;
				GENERATE_INFOPLIST_FILE = YES;
				IPHONEOS_DEPLOYMENT_TARGET = 15.5;
				MARKETING_VERSION = 1.0;
				PRODUCT_BUNDLE_IDENTIFIER = bside.onthe7.pupsroadTests;
				PRODUCT_NAME = "$(TARGET_NAME)";
				SWIFT_EMIT_LOC_STRINGS = NO;
				SWIFT_VERSION = 5.0;
				TARGETED_DEVICE_FAMILY = "1,2";
				TEST_HOST = "$(BUILT_PRODUCTS_DIR)/pupsroad.app/pupsroad";
			};
			name = Release;
		};
		3799D33C2880EA1500584DDA /* Debug */ = {
			isa = XCBuildConfiguration;
			baseConfigurationReference = A7F998B26082CE72337A3D24 /* Pods-pupsroad-pupsroadUITests.debug.xcconfig */;
			buildSettings = {
				ALWAYS_EMBED_SWIFT_STANDARD_LIBRARIES = YES;
				CODE_SIGN_STYLE = Automatic;
				CURRENT_PROJECT_VERSION = 1;
				DEVELOPMENT_TEAM = M3KMTD49RM;
				GENERATE_INFOPLIST_FILE = YES;
				MARKETING_VERSION = 1.0;
				PRODUCT_BUNDLE_IDENTIFIER = bside.onthe7.pupsroadUITests;
				PRODUCT_NAME = "$(TARGET_NAME)";
				SWIFT_EMIT_LOC_STRINGS = NO;
				SWIFT_VERSION = 5.0;
				TARGETED_DEVICE_FAMILY = "1,2";
				TEST_TARGET_NAME = pupsroad;
			};
			name = Debug;
		};
		3799D33D2880EA1500584DDA /* Release */ = {
			isa = XCBuildConfiguration;
			baseConfigurationReference = 978FBCFABE435ECCD0CB23E2 /* Pods-pupsroad-pupsroadUITests.release.xcconfig */;
			buildSettings = {
				ALWAYS_EMBED_SWIFT_STANDARD_LIBRARIES = YES;
				CODE_SIGN_STYLE = Automatic;
				CURRENT_PROJECT_VERSION = 1;
				DEVELOPMENT_TEAM = M3KMTD49RM;
				GENERATE_INFOPLIST_FILE = YES;
				MARKETING_VERSION = 1.0;
				PRODUCT_BUNDLE_IDENTIFIER = bside.onthe7.pupsroadUITests;
				PRODUCT_NAME = "$(TARGET_NAME)";
				SWIFT_EMIT_LOC_STRINGS = NO;
				SWIFT_VERSION = 5.0;
				TARGETED_DEVICE_FAMILY = "1,2";
				TEST_TARGET_NAME = pupsroad;
			};
			name = Release;
		};
/* End XCBuildConfiguration section */

/* Begin XCConfigurationList section */
		3799D30C2880EA1300584DDA /* Build configuration list for PBXProject "pupsroad" */ = {
			isa = XCConfigurationList;
			buildConfigurations = (
				3799D3332880EA1500584DDA /* Debug */,
				3799D3342880EA1500584DDA /* Release */,
			);
			defaultConfigurationIsVisible = 0;
			defaultConfigurationName = Release;
		};
		3799D3352880EA1500584DDA /* Build configuration list for PBXNativeTarget "pupsroad" */ = {
			isa = XCConfigurationList;
			buildConfigurations = (
				3799D3362880EA1500584DDA /* Debug */,
				3799D3372880EA1500584DDA /* Release */,
			);
			defaultConfigurationIsVisible = 0;
			defaultConfigurationName = Release;
		};
		3799D3382880EA1500584DDA /* Build configuration list for PBXNativeTarget "pupsroadTests" */ = {
			isa = XCConfigurationList;
			buildConfigurations = (
				3799D3392880EA1500584DDA /* Debug */,
				3799D33A2880EA1500584DDA /* Release */,
			);
			defaultConfigurationIsVisible = 0;
			defaultConfigurationName = Release;
		};
		3799D33B2880EA1500584DDA /* Build configuration list for PBXNativeTarget "pupsroadUITests" */ = {
			isa = XCConfigurationList;
			buildConfigurations = (
				3799D33C2880EA1500584DDA /* Debug */,
				3799D33D2880EA1500584DDA /* Release */,
			);
			defaultConfigurationIsVisible = 0;
			defaultConfigurationName = Release;
		};
/* End XCConfigurationList section */
	};
	rootObject = 3799D3092880EA1300584DDA /* Project object */;
}
